// !$*UTF8*$!
{
	archiveVersion = 1;
	classes = {
	};
	objectVersion = 55;
	objects = {

/* Begin PBXBuildFile section */
		5BCE6C652935ABE900876E70 /* LoginViewController.swift in Sources */ = {isa = PBXBuildFile; fileRef = 5BCE6C642935ABE900876E70 /* LoginViewController.swift */; };
		5BF40D01293454F000F1536C /* AppDelegate.swift in Sources */ = {isa = PBXBuildFile; fileRef = 5BF40D00293454F000F1536C /* AppDelegate.swift */; };
		5BF40D03293454F000F1536C /* SceneDelegate.swift in Sources */ = {isa = PBXBuildFile; fileRef = 5BF40D02293454F000F1536C /* SceneDelegate.swift */; };
		5BF40D05293454F000F1536C /* ViewController.swift in Sources */ = {isa = PBXBuildFile; fileRef = 5BF40D04293454F000F1536C /* ViewController.swift */; };
		5BF40D08293454F000F1536C /* Main.storyboard in Resources */ = {isa = PBXBuildFile; fileRef = 5BF40D06293454F000F1536C /* Main.storyboard */; };
		5BF40D0A293454F200F1536C /* Assets.xcassets in Resources */ = {isa = PBXBuildFile; fileRef = 5BF40D09293454F200F1536C /* Assets.xcassets */; };
		5BF40D0D293454F200F1536C /* LaunchScreen.storyboard in Resources */ = {isa = PBXBuildFile; fileRef = 5BF40D0B293454F200F1536C /* LaunchScreen.storyboard */; };
		5BF40D162934555000F1536C /* StoreKit.framework in Frameworks */ = {isa = PBXBuildFile; fileRef = 5BF40D152934555000F1536C /* StoreKit.framework */; };
		5BF40D222935A44C00F1536C /* DemoProjectUITests.swift in Sources */ = {isa = PBXBuildFile; fileRef = 5BF40D212935A44C00F1536C /* DemoProjectUITests.swift */; };
		5BF40D242935A44C00F1536C /* DemoProjectUITestsLaunchTests.swift in Sources */ = {isa = PBXBuildFile; fileRef = 5BF40D232935A44C00F1536C /* DemoProjectUITestsLaunchTests.swift */; };
		5BF40D312935A45400F1536C /* DemoProjectTests.swift in Sources */ = {isa = PBXBuildFile; fileRef = 5BF40D302935A45400F1536C /* DemoProjectTests.swift */; };
/* End PBXBuildFile section */

/* Begin PBXContainerItemProxy section */
		5BF40D252935A44C00F1536C /* PBXContainerItemProxy */ = {
			isa = PBXContainerItemProxy;
			containerPortal = 5BF40CF5293454F000F1536C /* Project object */;
			proxyType = 1;
			remoteGlobalIDString = 5BF40CFC293454F000F1536C;
			remoteInfo = DemoProject;
		};
		5BF40D322935A45400F1536C /* PBXContainerItemProxy */ = {
			isa = PBXContainerItemProxy;
			containerPortal = 5BF40CF5293454F000F1536C /* Project object */;
			proxyType = 1;
			remoteGlobalIDString = 5BF40CFC293454F000F1536C;
			remoteInfo = DemoProject;
		};
/* End PBXContainerItemProxy section */

/* Begin PBXFileReference section */
		5BCE6C642935ABE900876E70 /* LoginViewController.swift */ = {isa = PBXFileReference; lastKnownFileType = sourcecode.swift; path = LoginViewController.swift; sourceTree = "<group>"; };
		5BF40CFD293454F000F1536C /* DemoProject.app */ = {isa = PBXFileReference; explicitFileType = wrapper.application; includeInIndex = 0; path = DemoProject.app; sourceTree = BUILT_PRODUCTS_DIR; };
		5BF40D00293454F000F1536C /* AppDelegate.swift */ = {isa = PBXFileReference; lastKnownFileType = sourcecode.swift; path = AppDelegate.swift; sourceTree = "<group>"; };
		5BF40D02293454F000F1536C /* SceneDelegate.swift */ = {isa = PBXFileReference; lastKnownFileType = sourcecode.swift; path = SceneDelegate.swift; sourceTree = "<group>"; };
		5BF40D04293454F000F1536C /* ViewController.swift */ = {isa = PBXFileReference; lastKnownFileType = sourcecode.swift; path = ViewController.swift; sourceTree = "<group>"; };
		5BF40D07293454F000F1536C /* Base */ = {isa = PBXFileReference; lastKnownFileType = file.storyboard; name = Base; path = Base.lproj/Main.storyboard; sourceTree = "<group>"; };
		5BF40D09293454F200F1536C /* Assets.xcassets */ = {isa = PBXFileReference; lastKnownFileType = folder.assetcatalog; path = Assets.xcassets; sourceTree = "<group>"; };
		5BF40D0C293454F200F1536C /* Base */ = {isa = PBXFileReference; lastKnownFileType = file.storyboard; name = Base; path = Base.lproj/LaunchScreen.storyboard; sourceTree = "<group>"; };
		5BF40D0E293454F200F1536C /* Info.plist */ = {isa = PBXFileReference; lastKnownFileType = text.plist.xml; path = Info.plist; sourceTree = "<group>"; };
		5BF40D152934555000F1536C /* StoreKit.framework */ = {isa = PBXFileReference; lastKnownFileType = wrapper.framework; name = StoreKit.framework; path = System/Library/Frameworks/StoreKit.framework; sourceTree = SDKROOT; };
		5BF40D1F2935A44C00F1536C /* DemoProjectUITests.xctest */ = {isa = PBXFileReference; explicitFileType = wrapper.cfbundle; includeInIndex = 0; path = DemoProjectUITests.xctest; sourceTree = BUILT_PRODUCTS_DIR; };
		5BF40D212935A44C00F1536C /* DemoProjectUITests.swift */ = {isa = PBXFileReference; lastKnownFileType = sourcecode.swift; path = DemoProjectUITests.swift; sourceTree = "<group>"; };
		5BF40D232935A44C00F1536C /* DemoProjectUITestsLaunchTests.swift */ = {isa = PBXFileReference; lastKnownFileType = sourcecode.swift; path = DemoProjectUITestsLaunchTests.swift; sourceTree = "<group>"; };
		5BF40D2E2935A45400F1536C /* DemoProjectTests.xctest */ = {isa = PBXFileReference; explicitFileType = wrapper.cfbundle; includeInIndex = 0; path = DemoProjectTests.xctest; sourceTree = BUILT_PRODUCTS_DIR; };
		5BF40D302935A45400F1536C /* DemoProjectTests.swift */ = {isa = PBXFileReference; lastKnownFileType = sourcecode.swift; path = DemoProjectTests.swift; sourceTree = "<group>"; };
/* End PBXFileReference section */

/* Begin PBXFrameworksBuildPhase section */
		5BF40CFA293454F000F1536C /* Frameworks */ = {
			isa = PBXFrameworksBuildPhase;
			buildActionMask = 2147483647;
			files = (
				5BF40D162934555000F1536C /* StoreKit.framework in Frameworks */,
			);
			runOnlyForDeploymentPostprocessing = 0;
		};
		5BF40D1C2935A44B00F1536C /* Frameworks */ = {
			isa = PBXFrameworksBuildPhase;
			buildActionMask = 2147483647;
			files = (
			);
			runOnlyForDeploymentPostprocessing = 0;
		};
		5BF40D2B2935A45400F1536C /* Frameworks */ = {
			isa = PBXFrameworksBuildPhase;
			buildActionMask = 2147483647;
			files = (
			);
			runOnlyForDeploymentPostprocessing = 0;
		};
/* End PBXFrameworksBuildPhase section */

/* Begin PBXGroup section */
		5BF40CF4293454F000F1536C = {
			isa = PBXGroup;
			children = (
				5BF40CFF293454F000F1536C /* DemoProject */,
				5BF40D202935A44C00F1536C /* DemoProjectUITests */,
				5BF40D2F2935A45400F1536C /* DemoProjectTests */,
				5BF40CFE293454F000F1536C /* Products */,
				5BF40D142934555000F1536C /* Frameworks */,
			);
			sourceTree = "<group>";
		};
		5BF40CFE293454F000F1536C /* Products */ = {
			isa = PBXGroup;
			children = (
				5BF40CFD293454F000F1536C /* DemoProject.app */,
				5BF40D1F2935A44C00F1536C /* DemoProjectUITests.xctest */,
				5BF40D2E2935A45400F1536C /* DemoProjectTests.xctest */,
			);
			name = Products;
			sourceTree = "<group>";
		};
		5BF40CFF293454F000F1536C /* DemoProject */ = {
			isa = PBXGroup;
			children = (
				5BF40D00293454F000F1536C /* AppDelegate.swift */,
				5BF40D02293454F000F1536C /* SceneDelegate.swift */,
				5BF40D04293454F000F1536C /* ViewController.swift */,
				5BF40D06293454F000F1536C /* Main.storyboard */,
				5BF40D09293454F200F1536C /* Assets.xcassets */,
				5BF40D0B293454F200F1536C /* LaunchScreen.storyboard */,
				5BF40D0E293454F200F1536C /* Info.plist */,
				5BCE6C642935ABE900876E70 /* LoginViewController.swift */,
			);
			path = DemoProject;
			sourceTree = "<group>";
		};
		5BF40D142934555000F1536C /* Frameworks */ = {
			isa = PBXGroup;
			children = (
				5BF40D152934555000F1536C /* StoreKit.framework */,
			);
			name = Frameworks;
			sourceTree = "<group>";
		};
		5BF40D202935A44C00F1536C /* DemoProjectUITests */ = {
			isa = PBXGroup;
			children = (
				5BF40D212935A44C00F1536C /* DemoProjectUITests.swift */,
				5BF40D232935A44C00F1536C /* DemoProjectUITestsLaunchTests.swift */,
			);
			path = DemoProjectUITests;
			sourceTree = "<group>";
		};
		5BF40D2F2935A45400F1536C /* DemoProjectTests */ = {
			isa = PBXGroup;
			children = (
				5BF40D302935A45400F1536C /* DemoProjectTests.swift */,
			);
			path = DemoProjectTests;
			sourceTree = "<group>";
		};
/* End PBXGroup section */

/* Begin PBXNativeTarget section */
		5BF40CFC293454F000F1536C /* DemoProject */ = {
			isa = PBXNativeTarget;
			buildConfigurationList = 5BF40D11293454F200F1536C /* Build configuration list for PBXNativeTarget "DemoProject" */;
			buildPhases = (
				5BF40CF9293454F000F1536C /* Sources */,
				5BF40CFA293454F000F1536C /* Frameworks */,
				5BF40CFB293454F000F1536C /* Resources */,
			);
			buildRules = (
			);
			dependencies = (
			);
			name = DemoProject;
			productName = DemoProject;
			productReference = 5BF40CFD293454F000F1536C /* DemoProject.app */;
			productType = "com.apple.product-type.application";
		};
		5BF40D1E2935A44B00F1536C /* DemoProjectUITests */ = {
			isa = PBXNativeTarget;
			buildConfigurationList = 5BF40D292935A44C00F1536C /* Build configuration list for PBXNativeTarget "DemoProjectUITests" */;
			buildPhases = (
				5BF40D1B2935A44B00F1536C /* Sources */,
				5BF40D1C2935A44B00F1536C /* Frameworks */,
				5BF40D1D2935A44B00F1536C /* Resources */,
			);
			buildRules = (
			);
			dependencies = (
				5BF40D262935A44C00F1536C /* PBXTargetDependency */,
			);
			name = DemoProjectUITests;
			productName = DemoProjectUITests;
			productReference = 5BF40D1F2935A44C00F1536C /* DemoProjectUITests.xctest */;
			productType = "com.apple.product-type.bundle.ui-testing";
		};
		5BF40D2D2935A45400F1536C /* DemoProjectTests */ = {
			isa = PBXNativeTarget;
			buildConfigurationList = 5BF40D342935A45400F1536C /* Build configuration list for PBXNativeTarget "DemoProjectTests" */;
			buildPhases = (
				5BF40D2A2935A45400F1536C /* Sources */,
				5BF40D2B2935A45400F1536C /* Frameworks */,
				5BF40D2C2935A45400F1536C /* Resources */,
			);
			buildRules = (
			);
			dependencies = (
				5BF40D332935A45400F1536C /* PBXTargetDependency */,
			);
			name = DemoProjectTests;
			productName = DemoProjectTests;
			productReference = 5BF40D2E2935A45400F1536C /* DemoProjectTests.xctest */;
			productType = "com.apple.product-type.bundle.unit-test";
		};
/* End PBXNativeTarget section */

/* Begin PBXProject section */
		5BF40CF5293454F000F1536C /* Project object */ = {
			isa = PBXProject;
			attributes = {
				BuildIndependentTargetsInParallel = 1;
				LastSwiftUpdateCheck = 1320;
				LastUpgradeCheck = 1320;
				TargetAttributes = {
					5BF40CFC293454F000F1536C = {
						CreatedOnToolsVersion = 13.2.1;
					};
					5BF40D1E2935A44B00F1536C = {
						CreatedOnToolsVersion = 13.2.1;
						TestTargetID = 5BF40CFC293454F000F1536C;
					};
					5BF40D2D2935A45400F1536C = {
						CreatedOnToolsVersion = 13.2.1;
						TestTargetID = 5BF40CFC293454F000F1536C;
					};
				};
			};
			buildConfigurationList = 5BF40CF8293454F000F1536C /* Build configuration list for PBXProject "DemoProject" */;
			compatibilityVersion = "Xcode 13.0";
			developmentRegion = en;
			hasScannedForEncodings = 0;
			knownRegions = (
				en,
				Base,
			);
			mainGroup = 5BF40CF4293454F000F1536C;
			productRefGroup = 5BF40CFE293454F000F1536C /* Products */;
			projectDirPath = "";
			projectRoot = "";
			targets = (
				5BF40CFC293454F000F1536C /* DemoProject */,
				5BF40D1E2935A44B00F1536C /* DemoProjectUITests */,
				5BF40D2D2935A45400F1536C /* DemoProjectTests */,
			);
		};
/* End PBXProject section */

/* Begin PBXResourcesBuildPhase section */
		5BF40CFB293454F000F1536C /* Resources */ = {
			isa = PBXResourcesBuildPhase;
			buildActionMask = 2147483647;
			files = (
				5BF40D0D293454F200F1536C /* LaunchScreen.storyboard in Resources */,
				5BF40D0A293454F200F1536C /* Assets.xcassets in Resources */,
				5BF40D08293454F000F1536C /* Main.storyboard in Resources */,
			);
			runOnlyForDeploymentPostprocessing = 0;
		};
		5BF40D1D2935A44B00F1536C /* Resources */ = {
			isa = PBXResourcesBuildPhase;
			buildActionMask = 2147483647;
			files = (
			);
			runOnlyForDeploymentPostprocessing = 0;
		};
		5BF40D2C2935A45400F1536C /* Resources */ = {
			isa = PBXResourcesBuildPhase;
			buildActionMask = 2147483647;
			files = (
			);
			runOnlyForDeploymentPostprocessing = 0;
		};
/* End PBXResourcesBuildPhase section */

/* Begin PBXSourcesBuildPhase section */
		5BF40CF9293454F000F1536C /* Sources */ = {
			isa = PBXSourcesBuildPhase;
			buildActionMask = 2147483647;
			files = (
				5BCE6C652935ABE900876E70 /* LoginViewController.swift in Sources */,
				5BF40D05293454F000F1536C /* ViewController.swift in Sources */,
				5BF40D01293454F000F1536C /* AppDelegate.swift in Sources */,
				5BF40D03293454F000F1536C /* SceneDelegate.swift in Sources */,
			);
			runOnlyForDeploymentPostprocessing = 0;
		};
		5BF40D1B2935A44B00F1536C /* Sources */ = {
			isa = PBXSourcesBuildPhase;
			buildActionMask = 2147483647;
			files = (
				5BF40D222935A44C00F1536C /* DemoProjectUITests.swift in Sources */,
				5BF40D242935A44C00F1536C /* DemoProjectUITestsLaunchTests.swift in Sources */,
			);
			runOnlyForDeploymentPostprocessing = 0;
		};
		5BF40D2A2935A45400F1536C /* Sources */ = {
			isa = PBXSourcesBuildPhase;
			buildActionMask = 2147483647;
			files = (
				5BF40D312935A45400F1536C /* DemoProjectTests.swift in Sources */,
			);
			runOnlyForDeploymentPostprocessing = 0;
		};
/* End PBXSourcesBuildPhase section */

/* Begin PBXTargetDependency section */
		5BF40D262935A44C00F1536C /* PBXTargetDependency */ = {
			isa = PBXTargetDependency;
			target = 5BF40CFC293454F000F1536C /* DemoProject */;
			targetProxy = 5BF40D252935A44C00F1536C /* PBXContainerItemProxy */;
		};
		5BF40D332935A45400F1536C /* PBXTargetDependency */ = {
			isa = PBXTargetDependency;
			target = 5BF40CFC293454F000F1536C /* DemoProject */;
			targetProxy = 5BF40D322935A45400F1536C /* PBXContainerItemProxy */;
		};
/* End PBXTargetDependency section */

/* Begin PBXVariantGroup section */
		5BF40D06293454F000F1536C /* Main.storyboard */ = {
			isa = PBXVariantGroup;
			children = (
				5BF40D07293454F000F1536C /* Base */,
			);
			name = Main.storyboard;
			sourceTree = "<group>";
		};
		5BF40D0B293454F200F1536C /* LaunchScreen.storyboard */ = {
			isa = PBXVariantGroup;
			children = (
				5BF40D0C293454F200F1536C /* Base */,
			);
			name = LaunchScreen.storyboard;
			sourceTree = "<group>";
		};
/* End PBXVariantGroup section */

/* Begin XCBuildConfiguration section */
		5BF40D0F293454F200F1536C /* Debug */ = {
			isa = XCBuildConfiguration;
			buildSettings = {
				ALWAYS_SEARCH_USER_PATHS = NO;
				CLANG_ANALYZER_NONNULL = YES;
				CLANG_ANALYZER_NUMBER_OBJECT_CONVERSION = YES_AGGRESSIVE;
				CLANG_CXX_LANGUAGE_STANDARD = "gnu++17";
				CLANG_CXX_LIBRARY = "libc++";
				CLANG_ENABLE_MODULES = YES;
				CLANG_ENABLE_OBJC_ARC = YES;
				CLANG_ENABLE_OBJC_WEAK = YES;
				CLANG_WARN_BLOCK_CAPTURE_AUTORELEASING = YES;
				CLANG_WARN_BOOL_CONVERSION = YES;
				CLANG_WARN_COMMA = YES;
				CLANG_WARN_CONSTANT_CONVERSION = YES;
				CLANG_WARN_DEPRECATED_OBJC_IMPLEMENTATIONS = YES;
				CLANG_WARN_DIRECT_OBJC_ISA_USAGE = YES_ERROR;
				CLANG_WARN_DOCUMENTATION_COMMENTS = YES;
				CLANG_WARN_EMPTY_BODY = YES;
				CLANG_WARN_ENUM_CONVERSION = YES;
				CLANG_WARN_INFINITE_RECURSION = YES;
				CLANG_WARN_INT_CONVERSION = YES;
				CLANG_WARN_NON_LITERAL_NULL_CONVERSION = YES;
				CLANG_WARN_OBJC_IMPLICIT_RETAIN_SELF = YES;
				CLANG_WARN_OBJC_LITERAL_CONVERSION = YES;
				CLANG_WARN_OBJC_ROOT_CLASS = YES_ERROR;
				CLANG_WARN_QUOTED_INCLUDE_IN_FRAMEWORK_HEADER = YES;
				CLANG_WARN_RANGE_LOOP_ANALYSIS = YES;
				CLANG_WARN_STRICT_PROTOTYPES = YES;
				CLANG_WARN_SUSPICIOUS_MOVE = YES;
				CLANG_WARN_UNGUARDED_AVAILABILITY = YES_AGGRESSIVE;
				CLANG_WARN_UNREACHABLE_CODE = YES;
				CLANG_WARN__DUPLICATE_METHOD_MATCH = YES;
				COPY_PHASE_STRIP = NO;
				DEBUG_INFORMATION_FORMAT = dwarf;
				ENABLE_STRICT_OBJC_MSGSEND = YES;
				ENABLE_TESTABILITY = YES;
				GCC_C_LANGUAGE_STANDARD = gnu11;
				GCC_DYNAMIC_NO_PIC = NO;
				GCC_NO_COMMON_BLOCKS = YES;
				GCC_OPTIMIZATION_LEVEL = 0;
				GCC_PREPROCESSOR_DEFINITIONS = (
					"DEBUG=1",
					"$(inherited)",
				);
				GCC_WARN_64_TO_32_BIT_CONVERSION = YES;
				GCC_WARN_ABOUT_RETURN_TYPE = YES_ERROR;
				GCC_WARN_UNDECLARED_SELECTOR = YES;
				GCC_WARN_UNINITIALIZED_AUTOS = YES_AGGRESSIVE;
				GCC_WARN_UNUSED_FUNCTION = YES;
				GCC_WARN_UNUSED_VARIABLE = YES;
				IPHONEOS_DEPLOYMENT_TARGET = 15.2;
				MTL_ENABLE_DEBUG_INFO = INCLUDE_SOURCE;
				MTL_FAST_MATH = YES;
				ONLY_ACTIVE_ARCH = YES;
				SDKROOT = iphoneos;
				SWIFT_ACTIVE_COMPILATION_CONDITIONS = DEBUG;
				SWIFT_OPTIMIZATION_LEVEL = "-Onone";
			};
			name = Debug;
		};
		5BF40D10293454F200F1536C /* Release */ = {
			isa = XCBuildConfiguration;
			buildSettings = {
				ALWAYS_SEARCH_USER_PATHS = NO;
				CLANG_ANALYZER_NONNULL = YES;
				CLANG_ANALYZER_NUMBER_OBJECT_CONVERSION = YES_AGGRESSIVE;
				CLANG_CXX_LANGUAGE_STANDARD = "gnu++17";
				CLANG_CXX_LIBRARY = "libc++";
				CLANG_ENABLE_MODULES = YES;
				CLANG_ENABLE_OBJC_ARC = YES;
				CLANG_ENABLE_OBJC_WEAK = YES;
				CLANG_WARN_BLOCK_CAPTURE_AUTORELEASING = YES;
				CLANG_WARN_BOOL_CONVERSION = YES;
				CLANG_WARN_COMMA = YES;
				CLANG_WARN_CONSTANT_CONVERSION = YES;
				CLANG_WARN_DEPRECATED_OBJC_IMPLEMENTATIONS = YES;
				CLANG_WARN_DIRECT_OBJC_ISA_USAGE = YES_ERROR;
				CLANG_WARN_DOCUMENTATION_COMMENTS = YES;
				CLANG_WARN_EMPTY_BODY = YES;
				CLANG_WARN_ENUM_CONVERSION = YES;
				CLANG_WARN_INFINITE_RECURSION = YES;
				CLANG_WARN_INT_CONVERSION = YES;
				CLANG_WARN_NON_LITERAL_NULL_CONVERSION = YES;
				CLANG_WARN_OBJC_IMPLICIT_RETAIN_SELF = YES;
				CLANG_WARN_OBJC_LITERAL_CONVERSION = YES;
				CLANG_WARN_OBJC_ROOT_CLASS = YES_ERROR;
				CLANG_WARN_QUOTED_INCLUDE_IN_FRAMEWORK_HEADER = YES;
				CLANG_WARN_RANGE_LOOP_ANALYSIS = YES;
				CLANG_WARN_STRICT_PROTOTYPES = YES;
				CLANG_WARN_SUSPICIOUS_MOVE = YES;
				CLANG_WARN_UNGUARDED_AVAILABILITY = YES_AGGRESSIVE;
				CLANG_WARN_UNREACHABLE_CODE = YES;
				CLANG_WARN__DUPLICATE_METHOD_MATCH = YES;
				COPY_PHASE_STRIP = NO;
				DEBUG_INFORMATION_FORMAT = "dwarf-with-dsym";
				ENABLE_NS_ASSERTIONS = NO;
				ENABLE_STRICT_OBJC_MSGSEND = YES;
				GCC_C_LANGUAGE_STANDARD = gnu11;
				GCC_NO_COMMON_BLOCKS = YES;
				GCC_WARN_64_TO_32_BIT_CONVERSION = YES;
				GCC_WARN_ABOUT_RETURN_TYPE = YES_ERROR;
				GCC_WARN_UNDECLARED_SELECTOR = YES;
				GCC_WARN_UNINITIALIZED_AUTOS = YES_AGGRESSIVE;
				GCC_WARN_UNUSED_FUNCTION = YES;
				GCC_WARN_UNUSED_VARIABLE = YES;
				IPHONEOS_DEPLOYMENT_TARGET = 15.2;
				MTL_ENABLE_DEBUG_INFO = NO;
				MTL_FAST_MATH = YES;
				SDKROOT = iphoneos;
				SWIFT_COMPILATION_MODE = wholemodule;
				SWIFT_OPTIMIZATION_LEVEL = "-O";
				VALIDATE_PRODUCT = YES;
			};
			name = Release;
		};
		5BF40D12293454F200F1536C /* Debug */ = {
			isa = XCBuildConfiguration;
			buildSettings = {
				ASSETCATALOG_COMPILER_APPICON_NAME = AppIcon;
				ASSETCATALOG_COMPILER_GLOBAL_ACCENT_COLOR_NAME = AccentColor;
				CODE_SIGN_STYLE = Automatic;
				CURRENT_PROJECT_VERSION = 1;
				DEVELOPMENT_TEAM = 5GQ6QL9S3X;
				GENERATE_INFOPLIST_FILE = YES;
				INFOPLIST_FILE = DemoProject/Info.plist;
				INFOPLIST_KEY_UIApplicationSupportsIndirectInputEvents = YES;
				INFOPLIST_KEY_UILaunchStoryboardName = LaunchScreen;
				INFOPLIST_KEY_UIMainStoryboardFile = Main;
				INFOPLIST_KEY_UISupportedInterfaceOrientations_iPad = "UIInterfaceOrientationPortrait UIInterfaceOrientationPortraitUpsideDown UIInterfaceOrientationLandscapeLeft UIInterfaceOrientationLandscapeRight";
				INFOPLIST_KEY_UISupportedInterfaceOrientations_iPhone = "UIInterfaceOrientationPortrait UIInterfaceOrientationLandscapeLeft UIInterfaceOrientationLandscapeRight";
				LD_RUNPATH_SEARCH_PATHS = (
					"$(inherited)",
					"@executable_path/Frameworks",
				);
				MARKETING_VERSION = 1.0;
				PRODUCT_BUNDLE_IDENTIFIER = com.ruheekim.DemoProject;
				PRODUCT_NAME = "$(TARGET_NAME)";
				SWIFT_EMIT_LOC_STRINGS = YES;
				SWIFT_VERSION = 5.0;
				TARGETED_DEVICE_FAMILY = "1,2";
			};
			name = Debug;
		};
		5BF40D13293454F200F1536C /* Release */ = {
			isa = XCBuildConfiguration;
			buildSettings = {
				ASSETCATALOG_COMPILER_APPICON_NAME = AppIcon;
				ASSETCATALOG_COMPILER_GLOBAL_ACCENT_COLOR_NAME = AccentColor;
				CODE_SIGN_STYLE = Automatic;
				CURRENT_PROJECT_VERSION = 1;
				DEVELOPMENT_TEAM = 5GQ6QL9S3X;
				GENERATE_INFOPLIST_FILE = YES;
				INFOPLIST_FILE = DemoProject/Info.plist;
				INFOPLIST_KEY_UIApplicationSupportsIndirectInputEvents = YES;
				INFOPLIST_KEY_UILaunchStoryboardName = LaunchScreen;
				INFOPLIST_KEY_UIMainStoryboardFile = Main;
				INFOPLIST_KEY_UISupportedInterfaceOrientations_iPad = "UIInterfaceOrientationPortrait UIInterfaceOrientationPortraitUpsideDown UIInterfaceOrientationLandscapeLeft UIInterfaceOrientationLandscapeRight";
				INFOPLIST_KEY_UISupportedInterfaceOrientations_iPhone = "UIInterfaceOrientationPortrait UIInterfaceOrientationLandscapeLeft UIInterfaceOrientationLandscapeRight";
				LD_RUNPATH_SEARCH_PATHS = (
					"$(inherited)",
					"@executable_path/Frameworks",
				);
				MARKETING_VERSION = 1.0;
				PRODUCT_BUNDLE_IDENTIFIER = com.ruheekim.DemoProject;
				PRODUCT_NAME = "$(TARGET_NAME)";
				SWIFT_EMIT_LOC_STRINGS = YES;
				SWIFT_VERSION = 5.0;
				TARGETED_DEVICE_FAMILY = "1,2";
			};
			name = Release;
		};
		5BF40D272935A44C00F1536C /* Debug */ = {
			isa = XCBuildConfiguration;
			buildSettings = {
				CODE_SIGN_STYLE = Automatic;
				CURRENT_PROJECT_VERSION = 1;
				DEVELOPMENT_TEAM = 5GQ6QL9S3X;
				GENERATE_INFOPLIST_FILE = YES;
				MARKETING_VERSION = 1.0;
				PRODUCT_BUNDLE_IDENTIFIER = com.ruheekim.DemoProjectUITests;
				PRODUCT_NAME = "$(TARGET_NAME)";
				SWIFT_EMIT_LOC_STRINGS = NO;
				SWIFT_VERSION = 5.0;
				TARGETED_DEVICE_FAMILY = "1,2";
				TEST_TARGET_NAME = DemoProject;
			};
			name = Debug;
		};
		5BF40D282935A44C00F1536C /* Release */ = {
			isa = XCBuildConfiguration;
			buildSettings = {
				CODE_SIGN_STYLE = Automatic;
				CURRENT_PROJECT_VERSION = 1;
				DEVELOPMENT_TEAM = 5GQ6QL9S3X;
				GENERATE_INFOPLIST_FILE = YES;
				MARKETING_VERSION = 1.0;
				PRODUCT_BUNDLE_IDENTIFIER = com.ruheekim.DemoProjectUITests;
				PRODUCT_NAME = "$(TARGET_NAME)";
				SWIFT_EMIT_LOC_STRINGS = NO;
				SWIFT_VERSION = 5.0;
				TARGETED_DEVICE_FAMILY = "1,2";
				TEST_TARGET_NAME = DemoProject;
			};
			name = Release;
		};
		5BF40D352935A45400F1536C /* Debug */ = {
			isa = XCBuildConfiguration;
			buildSettings = {
				BUNDLE_LOADER = "$(TEST_HOST)";
				CODE_SIGN_STYLE = Automatic;
				CURRENT_PROJECT_VERSION = 1;
				DEVELOPMENT_TEAM = 5GQ6QL9S3X;
				GENERATE_INFOPLIST_FILE = YES;
				MARKETING_VERSION = 1.0;
				PRODUCT_BUNDLE_IDENTIFIER = com.ruheekim.DemoProjectTests;
				PRODUCT_NAME = "$(TARGET_NAME)";
				SWIFT_EMIT_LOC_STRINGS = NO;
				SWIFT_VERSION = 5.0;
				TARGETED_DEVICE_FAMILY = "1,2";
				TEST_HOST = "$(BUILT_PRODUCTS_DIR)/DemoProject.app/DemoProject";
			};
			name = Debug;
		};
		5BF40D362935A45400F1536C /* Release */ = {
			isa = XCBuildConfiguration;
			buildSettings = {
				BUNDLE_LOADER = "$(TEST_HOST)";
				CODE_SIGN_STYLE = Automatic;
				CURRENT_PROJECT_VERSION = 1;
				DEVELOPMENT_TEAM = 5GQ6QL9S3X;
				GENERATE_INFOPLIST_FILE = YES;
				MARKETING_VERSION = 1.0;
				PRODUCT_BUNDLE_IDENTIFIER = com.ruheekim.DemoProjectTests;
				PRODUCT_NAME = "$(TARGET_NAME)";
				SWIFT_EMIT_LOC_STRINGS = NO;
				SWIFT_VERSION = 5.0;
				TARGETED_DEVICE_FAMILY = "1,2";
				TEST_HOST = "$(BUILT_PRODUCTS_DIR)/DemoProject.app/DemoProject";
			};
			name = Release;
		};
/* End XCBuildConfiguration section */

/* Begin XCConfigurationList section */
		5BF40CF8293454F000F1536C /* Build configuration list for PBXProject "DemoProject" */ = {
			isa = XCConfigurationList;
			buildConfigurations = (
				5BF40D0F293454F200F1536C /* Debug */,
				5BF40D10293454F200F1536C /* Release */,
			);
			defaultConfigurationIsVisible = 0;
			defaultConfigurationName = Release;
		};
		5BF40D11293454F200F1536C /* Build configuration list for PBXNativeTarget "DemoProject" */ = {
			isa = XCConfigurationList;
			buildConfigurations = (
				5BF40D12293454F200F1536C /* Debug */,
				5BF40D13293454F200F1536C /* Release */,
			);
			defaultConfigurationIsVisible = 0;
			defaultConfigurationName = Release;
		};
		5BF40D292935A44C00F1536C /* Build configuration list for PBXNativeTarget "DemoProjectUITests" */ = {
			isa = XCConfigurationList;
			buildConfigurations = (
				5BF40D272935A44C00F1536C /* Debug */,
				5BF40D282935A44C00F1536C /* Release */,
			);
			defaultConfigurationIsVisible = 0;
			defaultConfigurationName = Release;
		};
		5BF40D342935A45400F1536C /* Build configuration list for PBXNativeTarget "DemoProjectTests" */ = {
			isa = XCConfigurationList;
			buildConfigurations = (
				5BF40D352935A45400F1536C /* Debug */,
				5BF40D362935A45400F1536C /* Release */,
			);
			defaultConfigurationIsVisible = 0;
			defaultConfigurationName = Release;
		};
/* End XCConfigurationList section */
	};
	rootObject = 5BF40CF5293454F000F1536C /* Project object */;
}
