// !$*UTF8*$!
{
	archiveVersion = 1;
	classes = {
	};
	objectVersion = 55;
	objects = {

/* Begin PBXBuildFile section */
		5B2363392890DE1B0046014D /* AppDelegate.swift in Sources */ = {isa = PBXBuildFile; fileRef = 5B2363382890DE1B0046014D /* AppDelegate.swift */; };
		5B23633B2890DE1B0046014D /* SceneDelegate.swift in Sources */ = {isa = PBXBuildFile; fileRef = 5B23633A2890DE1B0046014D /* SceneDelegate.swift */; };
		5B2363402890DE1B0046014D /* Main.storyboard in Resources */ = {isa = PBXBuildFile; fileRef = 5B23633E2890DE1B0046014D /* Main.storyboard */; };
		5B2363422890DE1E0046014D /* Assets.xcassets in Resources */ = {isa = PBXBuildFile; fileRef = 5B2363412890DE1E0046014D /* Assets.xcassets */; };
		5B2363452890DE1E0046014D /* LaunchScreen.storyboard in Resources */ = {isa = PBXBuildFile; fileRef = 5B2363432890DE1E0046014D /* LaunchScreen.storyboard */; };
		5BAF57A728923A9A00F612B1 /* WebViewController.swift in Sources */ = {isa = PBXBuildFile; fileRef = 5BAF57A628923A9A00F612B1 /* WebViewController.swift */; };
		5BB7DD4428920CCE00F6BB45 /* ViewPresentableProtocol.swift in Sources */ = {isa = PBXBuildFile; fileRef = 5BB7DD4328920CCE00F6BB45 /* ViewPresentableProtocol.swift */; };
		5BB7DD46289211B000F6BB45 /* ViewController.swift in Sources */ = {isa = PBXBuildFile; fileRef = 5BB7DD45289211AF00F6BB45 /* ViewController.swift */; };
		5BB7DD4A2892236800F6BB45 /* LottoViewController.swift in Sources */ = {isa = PBXBuildFile; fileRef = 5BB7DD492892236800F6BB45 /* LottoViewController.swift */; };
		5BBA19D82892307700ECBDFB /* TranslateViewController.swift in Sources */ = {isa = PBXBuildFile; fileRef = 5BBA19D72892307700ECBDFB /* TranslateViewController.swift */; };
		5BC4FCE72890E2980001CB67 /* SearchViewController.swift in Sources */ = {isa = PBXBuildFile; fileRef = 5BC4FCE62890E2980001CB67 /* SearchViewController.swift */; };
		5BC4FCEC2890E50F0001CB67 /* ListTableViewCell.swift in Sources */ = {isa = PBXBuildFile; fileRef = 5BC4FCEA2890E50F0001CB67 /* ListTableViewCell.swift */; };
		5BC4FCED2890E50F0001CB67 /* ListTableViewCell.xib in Resources */ = {isa = PBXBuildFile; fileRef = 5BC4FCEB2890E50F0001CB67 /* ListTableViewCell.xib */; };
		5BE296492897528300A126E0 /* ReusableViewProtocol.swift in Sources */ = {isa = PBXBuildFile; fileRef = 5BE296482897528300A126E0 /* ReusableViewProtocol.swift */; };
		5BE2964C2897579700A126E0 /* Constant.swift in Sources */ = {isa = PBXBuildFile; fileRef = 5BE2964B2897579700A126E0 /* Constant.swift */; };
		5BE2964E28975FA700A126E0 /* UserDefaultsHelper.swift in Sources */ = {isa = PBXBuildFile; fileRef = 5BE2964D28975FA700A126E0 /* UserDefaultsHelper.swift */; };
		5BE2965128977CDA00A126E0 /* SwiftyJSON in Frameworks */ = {isa = PBXBuildFile; productRef = 5BE2965028977CDA00A126E0 /* SwiftyJSON */; };
		5BE2965428977CFD00A126E0 /* Alamofire in Frameworks */ = {isa = PBXBuildFile; productRef = 5BE2965328977CFD00A126E0 /* Alamofire */; };
		5BE883BB28935D4F005D96FE /* MapViewController.swift in Sources */ = {isa = PBXBuildFile; fileRef = 5BE883BA28935D4F005D96FE /* MapViewController.swift */; };
		5BE883BF289384C9005D96FE /* Pretendard-SemiBold.otf in Resources */ = {isa = PBXBuildFile; fileRef = 5BE883BC289384C8005D96FE /* Pretendard-SemiBold.otf */; };
		5BE883C0289384C9005D96FE /* Pretendard-Bold.otf in Resources */ = {isa = PBXBuildFile; fileRef = 5BE883BD289384C8005D96FE /* Pretendard-Bold.otf */; };
		5BE883C1289384C9005D96FE /* Pretendard-Medium.otf in Resources */ = {isa = PBXBuildFile; fileRef = 5BE883BE289384C9005D96FE /* Pretendard-Medium.otf */; };
/* End PBXBuildFile section */

/* Begin PBXFileReference section */
		5B2363352890DE1B0046014D /* NetworkBasic.app */ = {isa = PBXFileReference; explicitFileType = wrapper.application; includeInIndex = 0; path = NetworkBasic.app; sourceTree = BUILT_PRODUCTS_DIR; };
		5B2363382890DE1B0046014D /* AppDelegate.swift */ = {isa = PBXFileReference; lastKnownFileType = sourcecode.swift; path = AppDelegate.swift; sourceTree = "<group>"; };
		5B23633A2890DE1B0046014D /* SceneDelegate.swift */ = {isa = PBXFileReference; lastKnownFileType = sourcecode.swift; path = SceneDelegate.swift; sourceTree = "<group>"; };
		5B23633F2890DE1B0046014D /* Base */ = {isa = PBXFileReference; lastKnownFileType = file.storyboard; name = Base; path = Base.lproj/Main.storyboard; sourceTree = "<group>"; };
		5B2363412890DE1E0046014D /* Assets.xcassets */ = {isa = PBXFileReference; lastKnownFileType = folder.assetcatalog; path = Assets.xcassets; sourceTree = "<group>"; };
		5B2363442890DE1E0046014D /* Base */ = {isa = PBXFileReference; lastKnownFileType = file.storyboard; name = Base; path = Base.lproj/LaunchScreen.storyboard; sourceTree = "<group>"; };
		5B2363462890DE1E0046014D /* Info.plist */ = {isa = PBXFileReference; lastKnownFileType = text.plist.xml; path = Info.plist; sourceTree = "<group>"; };
		5BAF57A628923A9A00F612B1 /* WebViewController.swift */ = {isa = PBXFileReference; lastKnownFileType = sourcecode.swift; path = WebViewController.swift; sourceTree = "<group>"; };
		5BB7DD4328920CCE00F6BB45 /* ViewPresentableProtocol.swift */ = {isa = PBXFileReference; lastKnownFileType = sourcecode.swift; path = ViewPresentableProtocol.swift; sourceTree = "<group>"; };
		5BB7DD45289211AF00F6BB45 /* ViewController.swift */ = {isa = PBXFileReference; lastKnownFileType = sourcecode.swift; path = ViewController.swift; sourceTree = "<group>"; };
		5BB7DD492892236800F6BB45 /* LottoViewController.swift */ = {isa = PBXFileReference; lastKnownFileType = sourcecode.swift; path = LottoViewController.swift; sourceTree = "<group>"; };
		5BBA19D72892307700ECBDFB /* TranslateViewController.swift */ = {isa = PBXFileReference; lastKnownFileType = sourcecode.swift; path = TranslateViewController.swift; sourceTree = "<group>"; };
		5BC4FCE62890E2980001CB67 /* SearchViewController.swift */ = {isa = PBXFileReference; lastKnownFileType = sourcecode.swift; path = SearchViewController.swift; sourceTree = "<group>"; };
		5BC4FCEA2890E50F0001CB67 /* ListTableViewCell.swift */ = {isa = PBXFileReference; lastKnownFileType = sourcecode.swift; path = ListTableViewCell.swift; sourceTree = "<group>"; };
		5BC4FCEB2890E50F0001CB67 /* ListTableViewCell.xib */ = {isa = PBXFileReference; lastKnownFileType = file.xib; path = ListTableViewCell.xib; sourceTree = "<group>"; };
		5BE296482897528300A126E0 /* ReusableViewProtocol.swift */ = {isa = PBXFileReference; lastKnownFileType = sourcecode.swift; path = ReusableViewProtocol.swift; sourceTree = "<group>"; };
		5BE2964B2897579700A126E0 /* Constant.swift */ = {isa = PBXFileReference; lastKnownFileType = sourcecode.swift; path = Constant.swift; sourceTree = "<group>"; };
		5BE2964D28975FA700A126E0 /* UserDefaultsHelper.swift */ = {isa = PBXFileReference; lastKnownFileType = sourcecode.swift; path = UserDefaultsHelper.swift; sourceTree = "<group>"; };
		5BE883BA28935D4F005D96FE /* MapViewController.swift */ = {isa = PBXFileReference; lastKnownFileType = sourcecode.swift; path = MapViewController.swift; sourceTree = "<group>"; };
		5BE883BC289384C8005D96FE /* Pretendard-SemiBold.otf */ = {isa = PBXFileReference; lastKnownFileType = file; path = "Pretendard-SemiBold.otf"; sourceTree = "<group>"; };
		5BE883BD289384C8005D96FE /* Pretendard-Bold.otf */ = {isa = PBXFileReference; lastKnownFileType = file; path = "Pretendard-Bold.otf"; sourceTree = "<group>"; };
		5BE883BE289384C9005D96FE /* Pretendard-Medium.otf */ = {isa = PBXFileReference; lastKnownFileType = file; path = "Pretendard-Medium.otf"; sourceTree = "<group>"; };
/* End PBXFileReference section */

/* Begin PBXFrameworksBuildPhase section */
		5B2363322890DE1B0046014D /* Frameworks */ = {
			isa = PBXFrameworksBuildPhase;
			buildActionMask = 2147483647;
			files = (
				5BE2965128977CDA00A126E0 /* SwiftyJSON in Frameworks */,
				5BE2965428977CFD00A126E0 /* Alamofire in Frameworks */,
			);
			runOnlyForDeploymentPostprocessing = 0;
		};
/* End PBXFrameworksBuildPhase section */

/* Begin PBXGroup section */
		5B23632C2890DE1B0046014D = {
			isa = PBXGroup;
			children = (
				5B2363372890DE1B0046014D /* NetworkBasic */,
				5B2363362890DE1B0046014D /* Products */,
			);
			sourceTree = "<group>";
		};
		5B2363362890DE1B0046014D /* Products */ = {
			isa = PBXGroup;
			children = (
				5B2363352890DE1B0046014D /* NetworkBasic.app */,
			);
			name = Products;
			sourceTree = "<group>";
		};
		5B2363372890DE1B0046014D /* NetworkBasic */ = {
			isa = PBXGroup;
			children = (
				5BB7DD4128920CB000F6BB45 /* Global */,
				5B23634E2890DEE60046014D /* Screen */,
				5B23634D2890DEDC0046014D /* Storyboard */,
				5B23634C2890DEB70046014D /* Support */,
				5B2363462890DE1E0046014D /* Info.plist */,
			);
			path = NetworkBasic;
			sourceTree = "<group>";
		};
		5B23634C2890DEB70046014D /* Support */ = {
			isa = PBXGroup;
			children = (
				5BE883C2289384CD005D96FE /* Font */,
				5BB7DD45289211AF00F6BB45 /* ViewController.swift */,
				5B2363382890DE1B0046014D /* AppDelegate.swift */,
				5B23633A2890DE1B0046014D /* SceneDelegate.swift */,
				5B2363412890DE1E0046014D /* Assets.xcassets */,
				5B2363432890DE1E0046014D /* LaunchScreen.storyboard */,
			);
			path = Support;
			sourceTree = "<group>";
		};
		5B23634D2890DEDC0046014D /* Storyboard */ = {
			isa = PBXGroup;
			children = (
				5B23633E2890DE1B0046014D /* Main.storyboard */,
			);
			path = Storyboard;
			sourceTree = "<group>";
		};
		5B23634E2890DEE60046014D /* Screen */ = {
			isa = PBXGroup;
			children = (
				5BE883B928935D3D005D96FE /* Map */,
				5BB7DD472892224200F6BB45 /* Search */,
				5BB7DD482892224C00F6BB45 /* Lotto */,
				5BBA19D62892306300ECBDFB /* Translate */,
				5BAF57A52892393700F612B1 /* WebView */,
			);
			path = Screen;
			sourceTree = "<group>";
		};
		5BAF57A52892393700F612B1 /* WebView */ = {
			isa = PBXGroup;
			children = (
				5BAF57A628923A9A00F612B1 /* WebViewController.swift */,
			);
			path = WebView;
			sourceTree = "<group>";
		};
		5BB7DD4128920CB000F6BB45 /* Global */ = {
			isa = PBXGroup;
			children = (
				5BE2964A2897578900A126E0 /* Constant */,
				5BB7DD4228920CB700F6BB45 /* Protocol */,
			);
			path = Global;
			sourceTree = "<group>";
		};
		5BB7DD4228920CB700F6BB45 /* Protocol */ = {
			isa = PBXGroup;
			children = (
				5BB7DD4328920CCE00F6BB45 /* ViewPresentableProtocol.swift */,
				5BE296482897528300A126E0 /* ReusableViewProtocol.swift */,
			);
			path = Protocol;
			sourceTree = "<group>";
		};
		5BB7DD472892224200F6BB45 /* Search */ = {
			isa = PBXGroup;
			children = (
				5BC4FCE62890E2980001CB67 /* SearchViewController.swift */,
				5BC4FCEA2890E50F0001CB67 /* ListTableViewCell.swift */,
				5BC4FCEB2890E50F0001CB67 /* ListTableViewCell.xib */,
			);
			path = Search;
			sourceTree = "<group>";
		};
		5BB7DD482892224C00F6BB45 /* Lotto */ = {
			isa = PBXGroup;
			children = (
				5BB7DD492892236800F6BB45 /* LottoViewController.swift */,
			);
			path = Lotto;
			sourceTree = "<group>";
		};
		5BBA19D62892306300ECBDFB /* Translate */ = {
			isa = PBXGroup;
			children = (
				5BBA19D72892307700ECBDFB /* TranslateViewController.swift */,
			);
			path = Translate;
			sourceTree = "<group>";
		};
		5BE2964A2897578900A126E0 /* Constant */ = {
			isa = PBXGroup;
			children = (
				5BE2964B2897579700A126E0 /* Constant.swift */,
				5BE2964D28975FA700A126E0 /* UserDefaultsHelper.swift */,
			);
			path = Constant;
			sourceTree = "<group>";
		};
		5BE883B928935D3D005D96FE /* Map */ = {
			isa = PBXGroup;
			children = (
				5BE883BA28935D4F005D96FE /* MapViewController.swift */,
			);
			path = Map;
			sourceTree = "<group>";
		};
		5BE883C2289384CD005D96FE /* Font */ = {
			isa = PBXGroup;
			children = (
				5BE883BD289384C8005D96FE /* Pretendard-Bold.otf */,
				5BE883BE289384C9005D96FE /* Pretendard-Medium.otf */,
				5BE883BC289384C8005D96FE /* Pretendard-SemiBold.otf */,
			);
			path = Font;
			sourceTree = "<group>";
		};
/* End PBXGroup section */

/* Begin PBXNativeTarget section */
		5B2363342890DE1B0046014D /* NetworkBasic */ = {
			isa = PBXNativeTarget;
			buildConfigurationList = 5B2363492890DE1E0046014D /* Build configuration list for PBXNativeTarget "NetworkBasic" */;
			buildPhases = (
				5B2363312890DE1B0046014D /* Sources */,
				5B2363322890DE1B0046014D /* Frameworks */,
				5B2363332890DE1B0046014D /* Resources */,
			);
			buildRules = (
			);
			dependencies = (
			);
			name = NetworkBasic;
			packageProductDependencies = (
				5BE2965028977CDA00A126E0 /* SwiftyJSON */,
				5BE2965328977CFD00A126E0 /* Alamofire */,
			);
			productName = NetworkBasic;
			productReference = 5B2363352890DE1B0046014D /* NetworkBasic.app */;
			productType = "com.apple.product-type.application";
		};
/* End PBXNativeTarget section */

/* Begin PBXProject section */
		5B23632D2890DE1B0046014D /* Project object */ = {
			isa = PBXProject;
			attributes = {
				BuildIndependentTargetsInParallel = 1;
				LastSwiftUpdateCheck = 1320;
				LastUpgradeCheck = 1320;
				TargetAttributes = {
					5B2363342890DE1B0046014D = {
						CreatedOnToolsVersion = 13.2.1;
					};
				};
			};
			buildConfigurationList = 5B2363302890DE1B0046014D /* Build configuration list for PBXProject "NetworkBasic" */;
			compatibilityVersion = "Xcode 13.0";
			developmentRegion = en;
			hasScannedForEncodings = 0;
			knownRegions = (
				en,
				Base,
			);
			mainGroup = 5B23632C2890DE1B0046014D;
			packageReferences = (
				5BE2964F28977CDA00A126E0 /* XCRemoteSwiftPackageReference "SwiftyJSON" */,
				5BE2965228977CFD00A126E0 /* XCRemoteSwiftPackageReference "Alamofire" */,
			);
			productRefGroup = 5B2363362890DE1B0046014D /* Products */;
			projectDirPath = "";
			projectRoot = "";
			targets = (
				5B2363342890DE1B0046014D /* NetworkBasic */,
			);
		};
/* End PBXProject section */

/* Begin PBXResourcesBuildPhase section */
		5B2363332890DE1B0046014D /* Resources */ = {
			isa = PBXResourcesBuildPhase;
			buildActionMask = 2147483647;
			files = (
				5BE883C1289384C9005D96FE /* Pretendard-Medium.otf in Resources */,
				5B2363452890DE1E0046014D /* LaunchScreen.storyboard in Resources */,
				5BE883C0289384C9005D96FE /* Pretendard-Bold.otf in Resources */,
				5BC4FCED2890E50F0001CB67 /* ListTableViewCell.xib in Resources */,
				5BE883BF289384C9005D96FE /* Pretendard-SemiBold.otf in Resources */,
				5B2363422890DE1E0046014D /* Assets.xcassets in Resources */,
				5B2363402890DE1B0046014D /* Main.storyboard in Resources */,
			);
			runOnlyForDeploymentPostprocessing = 0;
		};
/* End PBXResourcesBuildPhase section */

/* Begin PBXSourcesBuildPhase section */
		5B2363312890DE1B0046014D /* Sources */ = {
			isa = PBXSourcesBuildPhase;
			buildActionMask = 2147483647;
			files = (
				5BB7DD46289211B000F6BB45 /* ViewController.swift in Sources */,
				5BE2964E28975FA700A126E0 /* UserDefaultsHelper.swift in Sources */,
				5BAF57A728923A9A00F612B1 /* WebViewController.swift in Sources */,
				5B2363392890DE1B0046014D /* AppDelegate.swift in Sources */,
				5BE883BB28935D4F005D96FE /* MapViewController.swift in Sources */,
				5BC4FCE72890E2980001CB67 /* SearchViewController.swift in Sources */,
				5BB7DD4A2892236800F6BB45 /* LottoViewController.swift in Sources */,
				5BB7DD4428920CCE00F6BB45 /* ViewPresentableProtocol.swift in Sources */,
				5BBA19D82892307700ECBDFB /* TranslateViewController.swift in Sources */,
				5B23633B2890DE1B0046014D /* SceneDelegate.swift in Sources */,
				5BE296492897528300A126E0 /* ReusableViewProtocol.swift in Sources */,
				5BC4FCEC2890E50F0001CB67 /* ListTableViewCell.swift in Sources */,
				5BE2964C2897579700A126E0 /* Constant.swift in Sources */,
			);
			runOnlyForDeploymentPostprocessing = 0;
		};
/* End PBXSourcesBuildPhase section */

/* Begin PBXVariantGroup section */
		5B23633E2890DE1B0046014D /* Main.storyboard */ = {
			isa = PBXVariantGroup;
			children = (
				5B23633F2890DE1B0046014D /* Base */,
			);
			name = Main.storyboard;
			sourceTree = "<group>";
		};
		5B2363432890DE1E0046014D /* LaunchScreen.storyboard */ = {
			isa = PBXVariantGroup;
			children = (
				5B2363442890DE1E0046014D /* Base */,
			);
			name = LaunchScreen.storyboard;
			sourceTree = "<group>";
		};
/* End PBXVariantGroup section */

/* Begin XCBuildConfiguration section */
		5B2363472890DE1E0046014D /* Debug */ = {
			isa = XCBuildConfiguration;
			buildSettings = {
				ALWAYS_SEARCH_USER_PATHS = NO;
				CLANG_ANALYZER_NONNULL = YES;
				CLANG_ANALYZER_NUMBER_OBJECT_CONVERSION = YES_AGGRESSIVE;
				CLANG_CXX_LANGUAGE_STANDARD = "gnu++17";
				CLANG_CXX_LIBRARY = "libc++";
				CLANG_ENABLE_MODULES = YES;
				CLANG_ENABLE_OBJC_ARC = YES;
				CLANG_ENABLE_OBJC_WEAK = YES;
				CLANG_WARN_BLOCK_CAPTURE_AUTORELEASING = YES;
				CLANG_WARN_BOOL_CONVERSION = YES;
				CLANG_WARN_COMMA = YES;
				CLANG_WARN_CONSTANT_CONVERSION = YES;
				CLANG_WARN_DEPRECATED_OBJC_IMPLEMENTATIONS = YES;
				CLANG_WARN_DIRECT_OBJC_ISA_USAGE = YES_ERROR;
				CLANG_WARN_DOCUMENTATION_COMMENTS = YES;
				CLANG_WARN_EMPTY_BODY = YES;
				CLANG_WARN_ENUM_CONVERSION = YES;
				CLANG_WARN_INFINITE_RECURSION = YES;
				CLANG_WARN_INT_CONVERSION = YES;
				CLANG_WARN_NON_LITERAL_NULL_CONVERSION = YES;
				CLANG_WARN_OBJC_IMPLICIT_RETAIN_SELF = YES;
				CLANG_WARN_OBJC_LITERAL_CONVERSION = YES;
				CLANG_WARN_OBJC_ROOT_CLASS = YES_ERROR;
				CLANG_WARN_QUOTED_INCLUDE_IN_FRAMEWORK_HEADER = YES;
				CLANG_WARN_RANGE_LOOP_ANALYSIS = YES;
				CLANG_WARN_STRICT_PROTOTYPES = YES;
				CLANG_WARN_SUSPICIOUS_MOVE = YES;
				CLANG_WARN_UNGUARDED_AVAILABILITY = YES_AGGRESSIVE;
				CLANG_WARN_UNREACHABLE_CODE = YES;
				CLANG_WARN__DUPLICATE_METHOD_MATCH = YES;
				COPY_PHASE_STRIP = NO;
				DEBUG_INFORMATION_FORMAT = dwarf;
				ENABLE_STRICT_OBJC_MSGSEND = YES;
				ENABLE_TESTABILITY = YES;
				GCC_C_LANGUAGE_STANDARD = gnu11;
				GCC_DYNAMIC_NO_PIC = NO;
				GCC_NO_COMMON_BLOCKS = YES;
				GCC_OPTIMIZATION_LEVEL = 0;
				GCC_PREPROCESSOR_DEFINITIONS = (
					"DEBUG=1",
					"$(inherited)",
				);
				GCC_WARN_64_TO_32_BIT_CONVERSION = YES;
				GCC_WARN_ABOUT_RETURN_TYPE = YES_ERROR;
				GCC_WARN_UNDECLARED_SELECTOR = YES;
				GCC_WARN_UNINITIALIZED_AUTOS = YES_AGGRESSIVE;
				GCC_WARN_UNUSED_FUNCTION = YES;
				GCC_WARN_UNUSED_VARIABLE = YES;
				IPHONEOS_DEPLOYMENT_TARGET = 15.2;
				MTL_ENABLE_DEBUG_INFO = INCLUDE_SOURCE;
				MTL_FAST_MATH = YES;
				ONLY_ACTIVE_ARCH = YES;
				SDKROOT = iphoneos;
				SWIFT_ACTIVE_COMPILATION_CONDITIONS = DEBUG;
				SWIFT_OPTIMIZATION_LEVEL = "-Onone";
			};
			name = Debug;
		};
		5B2363482890DE1E0046014D /* Release */ = {
			isa = XCBuildConfiguration;
			buildSettings = {
				ALWAYS_SEARCH_USER_PATHS = NO;
				CLANG_ANALYZER_NONNULL = YES;
				CLANG_ANALYZER_NUMBER_OBJECT_CONVERSION = YES_AGGRESSIVE;
				CLANG_CXX_LANGUAGE_STANDARD = "gnu++17";
				CLANG_CXX_LIBRARY = "libc++";
				CLANG_ENABLE_MODULES = YES;
				CLANG_ENABLE_OBJC_ARC = YES;
				CLANG_ENABLE_OBJC_WEAK = YES;
				CLANG_WARN_BLOCK_CAPTURE_AUTORELEASING = YES;
				CLANG_WARN_BOOL_CONVERSION = YES;
				CLANG_WARN_COMMA = YES;
				CLANG_WARN_CONSTANT_CONVERSION = YES;
				CLANG_WARN_DEPRECATED_OBJC_IMPLEMENTATIONS = YES;
				CLANG_WARN_DIRECT_OBJC_ISA_USAGE = YES_ERROR;
				CLANG_WARN_DOCUMENTATION_COMMENTS = YES;
				CLANG_WARN_EMPTY_BODY = YES;
				CLANG_WARN_ENUM_CONVERSION = YES;
				CLANG_WARN_INFINITE_RECURSION = YES;
				CLANG_WARN_INT_CONVERSION = YES;
				CLANG_WARN_NON_LITERAL_NULL_CONVERSION = YES;
				CLANG_WARN_OBJC_IMPLICIT_RETAIN_SELF = YES;
				CLANG_WARN_OBJC_LITERAL_CONVERSION = YES;
				CLANG_WARN_OBJC_ROOT_CLASS = YES_ERROR;
				CLANG_WARN_QUOTED_INCLUDE_IN_FRAMEWORK_HEADER = YES;
				CLANG_WARN_RANGE_LOOP_ANALYSIS = YES;
				CLANG_WARN_STRICT_PROTOTYPES = YES;
				CLANG_WARN_SUSPICIOUS_MOVE = YES;
				CLANG_WARN_UNGUARDED_AVAILABILITY = YES_AGGRESSIVE;
				CLANG_WARN_UNREACHABLE_CODE = YES;
				CLANG_WARN__DUPLICATE_METHOD_MATCH = YES;
				COPY_PHASE_STRIP = NO;
				DEBUG_INFORMATION_FORMAT = "dwarf-with-dsym";
				ENABLE_NS_ASSERTIONS = NO;
				ENABLE_STRICT_OBJC_MSGSEND = YES;
				GCC_C_LANGUAGE_STANDARD = gnu11;
				GCC_NO_COMMON_BLOCKS = YES;
				GCC_WARN_64_TO_32_BIT_CONVERSION = YES;
				GCC_WARN_ABOUT_RETURN_TYPE = YES_ERROR;
				GCC_WARN_UNDECLARED_SELECTOR = YES;
				GCC_WARN_UNINITIALIZED_AUTOS = YES_AGGRESSIVE;
				GCC_WARN_UNUSED_FUNCTION = YES;
				GCC_WARN_UNUSED_VARIABLE = YES;
				IPHONEOS_DEPLOYMENT_TARGET = 15.2;
				MTL_ENABLE_DEBUG_INFO = NO;
				MTL_FAST_MATH = YES;
				SDKROOT = iphoneos;
				SWIFT_COMPILATION_MODE = wholemodule;
				SWIFT_OPTIMIZATION_LEVEL = "-O";
				VALIDATE_PRODUCT = YES;
			};
			name = Release;
		};
		5B23634A2890DE1E0046014D /* Debug */ = {
			isa = XCBuildConfiguration;
			buildSettings = {
				ASSETCATALOG_COMPILER_APPICON_NAME = AppIcon;
				ASSETCATALOG_COMPILER_GLOBAL_ACCENT_COLOR_NAME = AccentColor;
				CODE_SIGN_STYLE = Automatic;
				CURRENT_PROJECT_VERSION = 1;
				DEVELOPMENT_TEAM = 5GQ6QL9S3X;
				GENERATE_INFOPLIST_FILE = YES;
				INFOPLIST_FILE = NetworkBasic/Info.plist;
				INFOPLIST_KEY_UIApplicationSupportsIndirectInputEvents = YES;
				INFOPLIST_KEY_UILaunchStoryboardName = LaunchScreen;
				INFOPLIST_KEY_UIMainStoryboardFile = Main;
				INFOPLIST_KEY_UISupportedInterfaceOrientations_iPad = "UIInterfaceOrientationPortrait UIInterfaceOrientationPortraitUpsideDown UIInterfaceOrientationLandscapeLeft UIInterfaceOrientationLandscapeRight";
				INFOPLIST_KEY_UISupportedInterfaceOrientations_iPhone = "UIInterfaceOrientationPortrait UIInterfaceOrientationLandscapeLeft UIInterfaceOrientationLandscapeRight";
				LD_RUNPATH_SEARCH_PATHS = (
					"$(inherited)",
					"@executable_path/Frameworks",
				);
				MARKETING_VERSION = 1.0;
				PRODUCT_BUNDLE_IDENTIFIER = com.ruheekim.NetworkBasic;
				PRODUCT_NAME = "$(TARGET_NAME)";
				SWIFT_EMIT_LOC_STRINGS = YES;
				SWIFT_VERSION = 5.0;
				TARGETED_DEVICE_FAMILY = "1,2";
			};
			name = Debug;
		};
		5B23634B2890DE1E0046014D /* Release */ = {
			isa = XCBuildConfiguration;
			buildSettings = {
				ASSETCATALOG_COMPILER_APPICON_NAME = AppIcon;
				ASSETCATALOG_COMPILER_GLOBAL_ACCENT_COLOR_NAME = AccentColor;
				CODE_SIGN_STYLE = Automatic;
				CURRENT_PROJECT_VERSION = 1;
				DEVELOPMENT_TEAM = 5GQ6QL9S3X;
				GENERATE_INFOPLIST_FILE = YES;
				INFOPLIST_FILE = NetworkBasic/Info.plist;
				INFOPLIST_KEY_UIApplicationSupportsIndirectInputEvents = YES;
				INFOPLIST_KEY_UILaunchStoryboardName = LaunchScreen;
				INFOPLIST_KEY_UIMainStoryboardFile = Main;
				INFOPLIST_KEY_UISupportedInterfaceOrientations_iPad = "UIInterfaceOrientationPortrait UIInterfaceOrientationPortraitUpsideDown UIInterfaceOrientationLandscapeLeft UIInterfaceOrientationLandscapeRight";
				INFOPLIST_KEY_UISupportedInterfaceOrientations_iPhone = "UIInterfaceOrientationPortrait UIInterfaceOrientationLandscapeLeft UIInterfaceOrientationLandscapeRight";
				LD_RUNPATH_SEARCH_PATHS = (
					"$(inherited)",
					"@executable_path/Frameworks",
				);
				MARKETING_VERSION = 1.0;
				PRODUCT_BUNDLE_IDENTIFIER = com.ruheekim.NetworkBasic;
				PRODUCT_NAME = "$(TARGET_NAME)";
				SWIFT_EMIT_LOC_STRINGS = YES;
				SWIFT_VERSION = 5.0;
				TARGETED_DEVICE_FAMILY = "1,2";
			};
			name = Release;
		};
/* End XCBuildConfiguration section */

/* Begin XCConfigurationList section */
		5B2363302890DE1B0046014D /* Build configuration list for PBXProject "NetworkBasic" */ = {
			isa = XCConfigurationList;
			buildConfigurations = (
				5B2363472890DE1E0046014D /* Debug */,
				5B2363482890DE1E0046014D /* Release */,
			);
			defaultConfigurationIsVisible = 0;
			defaultConfigurationName = Release;
		};
		5B2363492890DE1E0046014D /* Build configuration list for PBXNativeTarget "NetworkBasic" */ = {
			isa = XCConfigurationList;
			buildConfigurations = (
				5B23634A2890DE1E0046014D /* Debug */,
				5B23634B2890DE1E0046014D /* Release */,
			);
			defaultConfigurationIsVisible = 0;
			defaultConfigurationName = Release;
		};
/* End XCConfigurationList section */

/* Begin XCRemoteSwiftPackageReference section */
		5BE2964F28977CDA00A126E0 /* XCRemoteSwiftPackageReference "SwiftyJSON" */ = {
			isa = XCRemoteSwiftPackageReference;
			repositoryURL = "https://github.com/SwiftyJSON/SwiftyJSON.git";
			requirement = {
				kind = upToNextMajorVersion;
				minimumVersion = 5.0.0;
			};
		};
		5BE2965228977CFD00A126E0 /* XCRemoteSwiftPackageReference "Alamofire" */ = {
			isa = XCRemoteSwiftPackageReference;
			repositoryURL = "https://github.com/Alamofire/Alamofire.git";
			requirement = {
				kind = upToNextMajorVersion;
				minimumVersion = 5.0.0;
			};
		};
/* End XCRemoteSwiftPackageReference section */

/* Begin XCSwiftPackageProductDependency section */
		5BE2965028977CDA00A126E0 /* SwiftyJSON */ = {
			isa = XCSwiftPackageProductDependency;
			package = 5BE2964F28977CDA00A126E0 /* XCRemoteSwiftPackageReference "SwiftyJSON" */;
			productName = SwiftyJSON;
		};
		5BE2965328977CFD00A126E0 /* Alamofire */ = {
			isa = XCSwiftPackageProductDependency;
			package = 5BE2965228977CFD00A126E0 /* XCRemoteSwiftPackageReference "Alamofire" */;
			productName = Alamofire;
		};
/* End XCSwiftPackageProductDependency section */
	};
	rootObject = 5B23632D2890DE1B0046014D /* Project object */;
}
