// !$*UTF8*$!
{
	archiveVersion = 1;
	classes = {
	};
	objectVersion = 55;
	objects = {

/* Begin PBXBuildFile section */
		5B3B4C7B287CFDDA0085A0CE /* PracticeViewController.swift in Sources */ = {isa = PBXBuildFile; fileRef = 5B3B4C7A287CFDDA0085A0CE /* PracticeViewController.swift */; };
		5BAD308F287C602800109F92 /* TestViewController.swift in Sources */ = {isa = PBXBuildFile; fileRef = 5BAD308E287C602800109F92 /* TestViewController.swift */; };
		5BB242AB287D212C00DC8E0B /* SegmentViewController.swift in Sources */ = {isa = PBXBuildFile; fileRef = 5BB242AA287D212C00DC8E0B /* SegmentViewController.swift */; };
		5BD55D78287BA3A400466F1D /* AppDelegate.swift in Sources */ = {isa = PBXBuildFile; fileRef = 5BD55D77287BA3A400466F1D /* AppDelegate.swift */; };
		5BD55D7A287BA3A400466F1D /* SceneDelegate.swift in Sources */ = {isa = PBXBuildFile; fileRef = 5BD55D79287BA3A400466F1D /* SceneDelegate.swift */; };
		5BD55D7C287BA3A400466F1D /* ViewController.swift in Sources */ = {isa = PBXBuildFile; fileRef = 5BD55D7B287BA3A400466F1D /* ViewController.swift */; };
		5BD55D7F287BA3A400466F1D /* Main.storyboard in Resources */ = {isa = PBXBuildFile; fileRef = 5BD55D7D287BA3A400466F1D /* Main.storyboard */; };
		5BD55D81287BA3A500466F1D /* Assets.xcassets in Resources */ = {isa = PBXBuildFile; fileRef = 5BD55D80287BA3A500466F1D /* Assets.xcassets */; };
		5BD55D84287BA3A500466F1D /* LaunchScreen.storyboard in Resources */ = {isa = PBXBuildFile; fileRef = 5BD55D82287BA3A500466F1D /* LaunchScreen.storyboard */; };
		5BD55D8C287C0FDB00466F1D /* DiaryViewController.swift in Sources */ = {isa = PBXBuildFile; fileRef = 5BD55D8B287C0FDB00466F1D /* DiaryViewController.swift */; };
/* End PBXBuildFile section */

/* Begin PBXFileReference section */
		5B3B4C7A287CFDDA0085A0CE /* PracticeViewController.swift */ = {isa = PBXFileReference; lastKnownFileType = sourcecode.swift; path = PracticeViewController.swift; sourceTree = "<group>"; };
		5BAD308E287C602800109F92 /* TestViewController.swift */ = {isa = PBXFileReference; lastKnownFileType = sourcecode.swift; path = TestViewController.swift; sourceTree = "<group>"; };
		5BB242AA287D212C00DC8E0B /* SegmentViewController.swift */ = {isa = PBXFileReference; lastKnownFileType = sourcecode.swift; path = SegmentViewController.swift; sourceTree = "<group>"; };
		5BD55D74287BA3A300466F1D /* SecondWeek.app */ = {isa = PBXFileReference; explicitFileType = wrapper.application; includeInIndex = 0; path = SecondWeek.app; sourceTree = BUILT_PRODUCTS_DIR; };
		5BD55D77287BA3A400466F1D /* AppDelegate.swift */ = {isa = PBXFileReference; lastKnownFileType = sourcecode.swift; path = AppDelegate.swift; sourceTree = "<group>"; };
		5BD55D79287BA3A400466F1D /* SceneDelegate.swift */ = {isa = PBXFileReference; lastKnownFileType = sourcecode.swift; path = SceneDelegate.swift; sourceTree = "<group>"; };
		5BD55D7B287BA3A400466F1D /* ViewController.swift */ = {isa = PBXFileReference; lastKnownFileType = sourcecode.swift; path = ViewController.swift; sourceTree = "<group>"; };
		5BD55D7E287BA3A400466F1D /* Base */ = {isa = PBXFileReference; lastKnownFileType = file.storyboard; name = Base; path = Base.lproj/Main.storyboard; sourceTree = "<group>"; };
		5BD55D80287BA3A500466F1D /* Assets.xcassets */ = {isa = PBXFileReference; lastKnownFileType = folder.assetcatalog; path = Assets.xcassets; sourceTree = "<group>"; };
		5BD55D83287BA3A500466F1D /* Base */ = {isa = PBXFileReference; lastKnownFileType = file.storyboard; name = Base; path = Base.lproj/LaunchScreen.storyboard; sourceTree = "<group>"; };
		5BD55D85287BA3A500466F1D /* Info.plist */ = {isa = PBXFileReference; lastKnownFileType = text.plist.xml; path = Info.plist; sourceTree = "<group>"; };
		5BD55D8B287C0FDB00466F1D /* DiaryViewController.swift */ = {isa = PBXFileReference; lastKnownFileType = sourcecode.swift; path = DiaryViewController.swift; sourceTree = "<group>"; };
/* End PBXFileReference section */

/* Begin PBXFrameworksBuildPhase section */
		5BD55D71287BA3A300466F1D /* Frameworks */ = {
			isa = PBXFrameworksBuildPhase;
			buildActionMask = 2147483647;
			files = (
			);
			runOnlyForDeploymentPostprocessing = 0;
		};
/* End PBXFrameworksBuildPhase section */

/* Begin PBXGroup section */
		5BD55D6B287BA3A300466F1D = {
			isa = PBXGroup;
			children = (
				5BD55D76287BA3A300466F1D /* SecondWeek */,
				5BD55D75287BA3A300466F1D /* Products */,
			);
			sourceTree = "<group>";
		};
		5BD55D75287BA3A300466F1D /* Products */ = {
			isa = PBXGroup;
			children = (
				5BD55D74287BA3A300466F1D /* SecondWeek.app */,
			);
			name = Products;
			sourceTree = "<group>";
		};
		5BD55D76287BA3A300466F1D /* SecondWeek */ = {
			isa = PBXGroup;
			children = (
				5BD55D77287BA3A400466F1D /* AppDelegate.swift */,
				5BD55D79287BA3A400466F1D /* SceneDelegate.swift */,
				5BD55D7B287BA3A400466F1D /* ViewController.swift */,
				5B3B4C7A287CFDDA0085A0CE /* PracticeViewController.swift */,
				5BD55D8B287C0FDB00466F1D /* DiaryViewController.swift */,
				5BD55D7D287BA3A400466F1D /* Main.storyboard */,
				5BD55D80287BA3A500466F1D /* Assets.xcassets */,
				5BD55D82287BA3A500466F1D /* LaunchScreen.storyboard */,
				5BD55D85287BA3A500466F1D /* Info.plist */,
				5BAD308E287C602800109F92 /* TestViewController.swift */,
				5BB242AA287D212C00DC8E0B /* SegmentViewController.swift */,
			);
			path = SecondWeek;
			sourceTree = "<group>";
		};
/* End PBXGroup section */

/* Begin PBXNativeTarget section */
		5BD55D73287BA3A300466F1D /* SecondWeek */ = {
			isa = PBXNativeTarget;
			buildConfigurationList = 5BD55D88287BA3A500466F1D /* Build configuration list for PBXNativeTarget "SecondWeek" */;
			buildPhases = (
				5BD55D70287BA3A300466F1D /* Sources */,
				5BD55D71287BA3A300466F1D /* Frameworks */,
				5BD55D72287BA3A300466F1D /* Resources */,
			);
			buildRules = (
			);
			dependencies = (
			);
			name = SecondWeek;
			productName = SecondWeek;
			productReference = 5BD55D74287BA3A300466F1D /* SecondWeek.app */;
			productType = "com.apple.product-type.application";
		};
/* End PBXNativeTarget section */

/* Begin PBXProject section */
		5BD55D6C287BA3A300466F1D /* Project object */ = {
			isa = PBXProject;
			attributes = {
				BuildIndependentTargetsInParallel = 1;
				LastSwiftUpdateCheck = 1320;
				LastUpgradeCheck = 1320;
				TargetAttributes = {
					5BD55D73287BA3A300466F1D = {
						CreatedOnToolsVersion = 13.2.1;
					};
				};
			};
			buildConfigurationList = 5BD55D6F287BA3A300466F1D /* Build configuration list for PBXProject "SecondWeek" */;
			compatibilityVersion = "Xcode 13.0";
			developmentRegion = en;
			hasScannedForEncodings = 0;
			knownRegions = (
				en,
				Base,
			);
			mainGroup = 5BD55D6B287BA3A300466F1D;
			productRefGroup = 5BD55D75287BA3A300466F1D /* Products */;
			projectDirPath = "";
			projectRoot = "";
			targets = (
				5BD55D73287BA3A300466F1D /* SecondWeek */,
			);
		};
/* End PBXProject section */

/* Begin PBXResourcesBuildPhase section */
		5BD55D72287BA3A300466F1D /* Resources */ = {
			isa = PBXResourcesBuildPhase;
			buildActionMask = 2147483647;
			files = (
				5BD55D84287BA3A500466F1D /* LaunchScreen.storyboard in Resources */,
				5BD55D81287BA3A500466F1D /* Assets.xcassets in Resources */,
				5BD55D7F287BA3A400466F1D /* Main.storyboard in Resources */,
			);
			runOnlyForDeploymentPostprocessing = 0;
		};
/* End PBXResourcesBuildPhase section */

/* Begin PBXSourcesBuildPhase section */
		5BD55D70287BA3A300466F1D /* Sources */ = {
			isa = PBXSourcesBuildPhase;
			buildActionMask = 2147483647;
			files = (
				5BB242AB287D212C00DC8E0B /* SegmentViewController.swift in Sources */,
				5BAD308F287C602800109F92 /* TestViewController.swift in Sources */,
				5BD55D8C287C0FDB00466F1D /* DiaryViewController.swift in Sources */,
				5BD55D7C287BA3A400466F1D /* ViewController.swift in Sources */,
				5B3B4C7B287CFDDA0085A0CE /* PracticeViewController.swift in Sources */,
				5BD55D78287BA3A400466F1D /* AppDelegate.swift in Sources */,
				5BD55D7A287BA3A400466F1D /* SceneDelegate.swift in Sources */,
			);
			runOnlyForDeploymentPostprocessing = 0;
		};
/* End PBXSourcesBuildPhase section */

/* Begin PBXVariantGroup section */
		5BD55D7D287BA3A400466F1D /* Main.storyboard */ = {
			isa = PBXVariantGroup;
			children = (
				5BD55D7E287BA3A400466F1D /* Base */,
			);
			name = Main.storyboard;
			sourceTree = "<group>";
		};
		5BD55D82287BA3A500466F1D /* LaunchScreen.storyboard */ = {
			isa = PBXVariantGroup;
			children = (
				5BD55D83287BA3A500466F1D /* Base */,
			);
			name = LaunchScreen.storyboard;
			sourceTree = "<group>";
		};
/* End PBXVariantGroup section */

/* Begin XCBuildConfiguration section */
		5BD55D86287BA3A500466F1D /* Debug */ = {
			isa = XCBuildConfiguration;
			buildSettings = {
				ALWAYS_SEARCH_USER_PATHS = NO;
				CLANG_ANALYZER_NONNULL = YES;
				CLANG_ANALYZER_NUMBER_OBJECT_CONVERSION = YES_AGGRESSIVE;
				CLANG_CXX_LANGUAGE_STANDARD = "gnu++17";
				CLANG_CXX_LIBRARY = "libc++";
				CLANG_ENABLE_MODULES = YES;
				CLANG_ENABLE_OBJC_ARC = YES;
				CLANG_ENABLE_OBJC_WEAK = YES;
				CLANG_WARN_BLOCK_CAPTURE_AUTORELEASING = YES;
				CLANG_WARN_BOOL_CONVERSION = YES;
				CLANG_WARN_COMMA = YES;
				CLANG_WARN_CONSTANT_CONVERSION = YES;
				CLANG_WARN_DEPRECATED_OBJC_IMPLEMENTATIONS = YES;
				CLANG_WARN_DIRECT_OBJC_ISA_USAGE = YES_ERROR;
				CLANG_WARN_DOCUMENTATION_COMMENTS = YES;
				CLANG_WARN_EMPTY_BODY = YES;
				CLANG_WARN_ENUM_CONVERSION = YES;
				CLANG_WARN_INFINITE_RECURSION = YES;
				CLANG_WARN_INT_CONVERSION = YES;
				CLANG_WARN_NON_LITERAL_NULL_CONVERSION = YES;
				CLANG_WARN_OBJC_IMPLICIT_RETAIN_SELF = YES;
				CLANG_WARN_OBJC_LITERAL_CONVERSION = YES;
				CLANG_WARN_OBJC_ROOT_CLASS = YES_ERROR;
				CLANG_WARN_QUOTED_INCLUDE_IN_FRAMEWORK_HEADER = YES;
				CLANG_WARN_RANGE_LOOP_ANALYSIS = YES;
				CLANG_WARN_STRICT_PROTOTYPES = YES;
				CLANG_WARN_SUSPICIOUS_MOVE = YES;
				CLANG_WARN_UNGUARDED_AVAILABILITY = YES_AGGRESSIVE;
				CLANG_WARN_UNREACHABLE_CODE = YES;
				CLANG_WARN__DUPLICATE_METHOD_MATCH = YES;
				COPY_PHASE_STRIP = NO;
				DEBUG_INFORMATION_FORMAT = dwarf;
				ENABLE_STRICT_OBJC_MSGSEND = YES;
				ENABLE_TESTABILITY = YES;
				GCC_C_LANGUAGE_STANDARD = gnu11;
				GCC_DYNAMIC_NO_PIC = NO;
				GCC_NO_COMMON_BLOCKS = YES;
				GCC_OPTIMIZATION_LEVEL = 0;
				GCC_PREPROCESSOR_DEFINITIONS = (
					"DEBUG=1",
					"$(inherited)",
				);
				GCC_WARN_64_TO_32_BIT_CONVERSION = YES;
				GCC_WARN_ABOUT_RETURN_TYPE = YES_ERROR;
				GCC_WARN_UNDECLARED_SELECTOR = YES;
				GCC_WARN_UNINITIALIZED_AUTOS = YES_AGGRESSIVE;
				GCC_WARN_UNUSED_FUNCTION = YES;
				GCC_WARN_UNUSED_VARIABLE = YES;
				IPHONEOS_DEPLOYMENT_TARGET = 15.2;
				MTL_ENABLE_DEBUG_INFO = INCLUDE_SOURCE;
				MTL_FAST_MATH = YES;
				ONLY_ACTIVE_ARCH = YES;
				SDKROOT = iphoneos;
				SWIFT_ACTIVE_COMPILATION_CONDITIONS = DEBUG;
				SWIFT_OPTIMIZATION_LEVEL = "-Onone";
			};
			name = Debug;
		};
		5BD55D87287BA3A500466F1D /* Release */ = {
			isa = XCBuildConfiguration;
			buildSettings = {
				ALWAYS_SEARCH_USER_PATHS = NO;
				CLANG_ANALYZER_NONNULL = YES;
				CLANG_ANALYZER_NUMBER_OBJECT_CONVERSION = YES_AGGRESSIVE;
				CLANG_CXX_LANGUAGE_STANDARD = "gnu++17";
				CLANG_CXX_LIBRARY = "libc++";
				CLANG_ENABLE_MODULES = YES;
				CLANG_ENABLE_OBJC_ARC = YES;
				CLANG_ENABLE_OBJC_WEAK = YES;
				CLANG_WARN_BLOCK_CAPTURE_AUTORELEASING = YES;
				CLANG_WARN_BOOL_CONVERSION = YES;
				CLANG_WARN_COMMA = YES;
				CLANG_WARN_CONSTANT_CONVERSION = YES;
				CLANG_WARN_DEPRECATED_OBJC_IMPLEMENTATIONS = YES;
				CLANG_WARN_DIRECT_OBJC_ISA_USAGE = YES_ERROR;
				CLANG_WARN_DOCUMENTATION_COMMENTS = YES;
				CLANG_WARN_EMPTY_BODY = YES;
				CLANG_WARN_ENUM_CONVERSION = YES;
				CLANG_WARN_INFINITE_RECURSION = YES;
				CLANG_WARN_INT_CONVERSION = YES;
				CLANG_WARN_NON_LITERAL_NULL_CONVERSION = YES;
				CLANG_WARN_OBJC_IMPLICIT_RETAIN_SELF = YES;
				CLANG_WARN_OBJC_LITERAL_CONVERSION = YES;
				CLANG_WARN_OBJC_ROOT_CLASS = YES_ERROR;
				CLANG_WARN_QUOTED_INCLUDE_IN_FRAMEWORK_HEADER = YES;
				CLANG_WARN_RANGE_LOOP_ANALYSIS = YES;
				CLANG_WARN_STRICT_PROTOTYPES = YES;
				CLANG_WARN_SUSPICIOUS_MOVE = YES;
				CLANG_WARN_UNGUARDED_AVAILABILITY = YES_AGGRESSIVE;
				CLANG_WARN_UNREACHABLE_CODE = YES;
				CLANG_WARN__DUPLICATE_METHOD_MATCH = YES;
				COPY_PHASE_STRIP = NO;
				DEBUG_INFORMATION_FORMAT = "dwarf-with-dsym";
				ENABLE_NS_ASSERTIONS = NO;
				ENABLE_STRICT_OBJC_MSGSEND = YES;
				GCC_C_LANGUAGE_STANDARD = gnu11;
				GCC_NO_COMMON_BLOCKS = YES;
				GCC_WARN_64_TO_32_BIT_CONVERSION = YES;
				GCC_WARN_ABOUT_RETURN_TYPE = YES_ERROR;
				GCC_WARN_UNDECLARED_SELECTOR = YES;
				GCC_WARN_UNINITIALIZED_AUTOS = YES_AGGRESSIVE;
				GCC_WARN_UNUSED_FUNCTION = YES;
				GCC_WARN_UNUSED_VARIABLE = YES;
				IPHONEOS_DEPLOYMENT_TARGET = 15.2;
				MTL_ENABLE_DEBUG_INFO = NO;
				MTL_FAST_MATH = YES;
				SDKROOT = iphoneos;
				SWIFT_COMPILATION_MODE = wholemodule;
				SWIFT_OPTIMIZATION_LEVEL = "-O";
				VALIDATE_PRODUCT = YES;
			};
			name = Release;
		};
		5BD55D89287BA3A500466F1D /* Debug */ = {
			isa = XCBuildConfiguration;
			buildSettings = {
				ASSETCATALOG_COMPILER_APPICON_NAME = AppIcon;
				ASSETCATALOG_COMPILER_GLOBAL_ACCENT_COLOR_NAME = AccentColor;
				CODE_SIGN_STYLE = Automatic;
				CURRENT_PROJECT_VERSION = 1;
				DEVELOPMENT_TEAM = 5GQ6QL9S3X;
				GENERATE_INFOPLIST_FILE = YES;
				INFOPLIST_FILE = SecondWeek/Info.plist;
				INFOPLIST_KEY_UIApplicationSupportsIndirectInputEvents = YES;
				INFOPLIST_KEY_UILaunchStoryboardName = LaunchScreen;
				INFOPLIST_KEY_UIMainStoryboardFile = Main;
				INFOPLIST_KEY_UISupportedInterfaceOrientations_iPad = "UIInterfaceOrientationPortrait UIInterfaceOrientationPortraitUpsideDown UIInterfaceOrientationLandscapeLeft UIInterfaceOrientationLandscapeRight";
				INFOPLIST_KEY_UISupportedInterfaceOrientations_iPhone = "UIInterfaceOrientationPortrait UIInterfaceOrientationLandscapeLeft UIInterfaceOrientationLandscapeRight";
				LD_RUNPATH_SEARCH_PATHS = (
					"$(inherited)",
					"@executable_path/Frameworks",
				);
				MARKETING_VERSION = 1.0;
				PRODUCT_BUNDLE_IDENTIFIER = com.ruheekim.SecondWeek;
				PRODUCT_NAME = "$(TARGET_NAME)";
				SWIFT_EMIT_LOC_STRINGS = YES;
				SWIFT_VERSION = 5.0;
				TARGETED_DEVICE_FAMILY = "1,2";
			};
			name = Debug;
		};
		5BD55D8A287BA3A500466F1D /* Release */ = {
			isa = XCBuildConfiguration;
			buildSettings = {
				ASSETCATALOG_COMPILER_APPICON_NAME = AppIcon;
				ASSETCATALOG_COMPILER_GLOBAL_ACCENT_COLOR_NAME = AccentColor;
				CODE_SIGN_STYLE = Automatic;
				CURRENT_PROJECT_VERSION = 1;
				DEVELOPMENT_TEAM = 5GQ6QL9S3X;
				GENERATE_INFOPLIST_FILE = YES;
				INFOPLIST_FILE = SecondWeek/Info.plist;
				INFOPLIST_KEY_UIApplicationSupportsIndirectInputEvents = YES;
				INFOPLIST_KEY_UILaunchStoryboardName = LaunchScreen;
				INFOPLIST_KEY_UIMainStoryboardFile = Main;
				INFOPLIST_KEY_UISupportedInterfaceOrientations_iPad = "UIInterfaceOrientationPortrait UIInterfaceOrientationPortraitUpsideDown UIInterfaceOrientationLandscapeLeft UIInterfaceOrientationLandscapeRight";
				INFOPLIST_KEY_UISupportedInterfaceOrientations_iPhone = "UIInterfaceOrientationPortrait UIInterfaceOrientationLandscapeLeft UIInterfaceOrientationLandscapeRight";
				LD_RUNPATH_SEARCH_PATHS = (
					"$(inherited)",
					"@executable_path/Frameworks",
				);
				MARKETING_VERSION = 1.0;
				PRODUCT_BUNDLE_IDENTIFIER = com.ruheekim.SecondWeek;
				PRODUCT_NAME = "$(TARGET_NAME)";
				SWIFT_EMIT_LOC_STRINGS = YES;
				SWIFT_VERSION = 5.0;
				TARGETED_DEVICE_FAMILY = "1,2";
			};
			name = Release;
		};
/* End XCBuildConfiguration section */

/* Begin XCConfigurationList section */
		5BD55D6F287BA3A300466F1D /* Build configuration list for PBXProject "SecondWeek" */ = {
			isa = XCConfigurationList;
			buildConfigurations = (
				5BD55D86287BA3A500466F1D /* Debug */,
				5BD55D87287BA3A500466F1D /* Release */,
			);
			defaultConfigurationIsVisible = 0;
			defaultConfigurationName = Release;
		};
		5BD55D88287BA3A500466F1D /* Build configuration list for PBXNativeTarget "SecondWeek" */ = {
			isa = XCConfigurationList;
			buildConfigurations = (
				5BD55D89287BA3A500466F1D /* Debug */,
				5BD55D8A287BA3A500466F1D /* Release */,
			);
			defaultConfigurationIsVisible = 0;
			defaultConfigurationName = Release;
		};
/* End XCConfigurationList section */
	};
	rootObject = 5BD55D6C287BA3A300466F1D /* Project object */;
}
