// !$*UTF8*$!
{
	archiveVersion = 1;
	classes = {
	};
	objectVersion = 55;
	objects = {

/* Begin PBXBuildFile section */
		5B47E13428A1307C00EA5F7D /* String+.swift in Sources */ = {isa = PBXBuildFile; fileRef = 5B47E13328A1307C00EA5F7D /* String+.swift */; };
		5B47E13728A1358400EA5F7D /* EndPoint.swift in Sources */ = {isa = PBXBuildFile; fileRef = 5B47E13628A1358400EA5F7D /* EndPoint.swift */; };
		5B47E13928A1359400EA5F7D /* URL+.swift in Sources */ = {isa = PBXBuildFile; fileRef = 5B47E13828A1359400EA5F7D /* URL+.swift */; };
		5B63D0E3289A520300F369FE /* ReusableViewProtocol.swift in Sources */ = {isa = PBXBuildFile; fileRef = 5B63D0E2289A520300F369FE /* ReusableViewProtocol.swift */; };
		5B8EBAD8289C80C900970347 /* DetailViewController.swift in Sources */ = {isa = PBXBuildFile; fileRef = 5B8EBAD7289C80C900970347 /* DetailViewController.swift */; };
		5B8EBADB289C80FA00970347 /* DetailTableViewCell.swift in Sources */ = {isa = PBXBuildFile; fileRef = 5B8EBAD9289C80FA00970347 /* DetailTableViewCell.swift */; };
		5B8EBADC289C80FA00970347 /* DetailTableViewCell.xib in Resources */ = {isa = PBXBuildFile; fileRef = 5B8EBADA289C80FA00970347 /* DetailTableViewCell.xib */; };
		5B8EBAE1289C866B00970347 /* OverviewTableViewCell.swift in Sources */ = {isa = PBXBuildFile; fileRef = 5B8EBADF289C866B00970347 /* OverviewTableViewCell.swift */; };
		5B8EBAE2289C866B00970347 /* OverviewTableViewCell.xib in Resources */ = {isa = PBXBuildFile; fileRef = 5B8EBAE0289C866B00970347 /* OverviewTableViewCell.xib */; };
		5B8EBAE4289C945A00970347 /* CastModel.swift in Sources */ = {isa = PBXBuildFile; fileRef = 5B8EBAE3289C945A00970347 /* CastModel.swift */; };
		5B9FFC9B289A537D00FE83A5 /* SearchViewController.swift in Sources */ = {isa = PBXBuildFile; fileRef = 5B9FFC9A289A537D00FE83A5 /* SearchViewController.swift */; };
		5BAACB52289EB30100D66B8E /* MovieManager.swift in Sources */ = {isa = PBXBuildFile; fileRef = 5BAACB51289EB30100D66B8E /* MovieManager.swift */; };
		5BAACB54289EBC0600D66B8E /* CreditManager.swift in Sources */ = {isa = PBXBuildFile; fileRef = 5BAACB53289EBC0600D66B8E /* CreditManager.swift */; };
		5BAACB57289EC24D00D66B8E /* DetailHeaderView.swift in Sources */ = {isa = PBXBuildFile; fileRef = 5BAACB56289EC24D00D66B8E /* DetailHeaderView.swift */; };
		5BB8E95C2899F6C2006815FD /* AppDelegate.swift in Sources */ = {isa = PBXBuildFile; fileRef = 5BB8E95B2899F6C2006815FD /* AppDelegate.swift */; };
		5BB8E95E2899F6C2006815FD /* SceneDelegate.swift in Sources */ = {isa = PBXBuildFile; fileRef = 5BB8E95D2899F6C2006815FD /* SceneDelegate.swift */; };
		5BB8E9632899F6C2006815FD /* Main.storyboard in Resources */ = {isa = PBXBuildFile; fileRef = 5BB8E9612899F6C2006815FD /* Main.storyboard */; };
		5BB8E9652899F6C3006815FD /* Assets.xcassets in Resources */ = {isa = PBXBuildFile; fileRef = 5BB8E9642899F6C3006815FD /* Assets.xcassets */; };
		5BB8E9682899F6C3006815FD /* LaunchScreen.storyboard in Resources */ = {isa = PBXBuildFile; fileRef = 5BB8E9662899F6C3006815FD /* LaunchScreen.storyboard */; };
		5BB8E9732899F7A4006815FD /* .gitignore in Resources */ = {isa = PBXBuildFile; fileRef = 5BB8E9722899F7A4006815FD /* .gitignore */; };
		5BB8E9762899F894006815FD /* APIKey.swift in Sources */ = {isa = PBXBuildFile; fileRef = 5BB8E9752899F894006815FD /* APIKey.swift */; };
		5BB8E9782899F9CF006815FD /* Constant.swift in Sources */ = {isa = PBXBuildFile; fileRef = 5BB8E9772899F9CF006815FD /* Constant.swift */; };
		5BC6C6A6289AA32000BA3F89 /* SearchTableViewCell.swift in Sources */ = {isa = PBXBuildFile; fileRef = 5BC6C6A4289AA32000BA3F89 /* SearchTableViewCell.swift */; };
		5BC6C6A7289AA32000BA3F89 /* SearchTableViewCell.xib in Resources */ = {isa = PBXBuildFile; fileRef = 5BC6C6A5289AA32000BA3F89 /* SearchTableViewCell.xib */; };
		5BC6C6A9289AB2FE00BA3F89 /* UIView+.swift in Sources */ = {isa = PBXBuildFile; fileRef = 5BC6C6A8289AB2FE00BA3F89 /* UIView+.swift */; };
		5BC6C6AD289ABC4300BA3F89 /* Kingfisher in Frameworks */ = {isa = PBXBuildFile; productRef = 5BC6C6AC289ABC4300BA3F89 /* Kingfisher */; };
		5BC6C6B0289ABC5200BA3F89 /* Alamofire in Frameworks */ = {isa = PBXBuildFile; productRef = 5BC6C6AF289ABC5200BA3F89 /* Alamofire */; };
		5BC6C6B3289ABC5D00BA3F89 /* SwiftyJSON in Frameworks */ = {isa = PBXBuildFile; productRef = 5BC6C6B2289ABC5D00BA3F89 /* SwiftyJSON */; };
		5BC6C6B7289ABE9000BA3F89 /* MovieModel.swift in Sources */ = {isa = PBXBuildFile; fileRef = 5BC6C6B6289ABE9000BA3F89 /* MovieModel.swift */; };
		5BCAF77A289ED2EE00DEC8F9 /* DetailTextHeaderView.swift in Sources */ = {isa = PBXBuildFile; fileRef = 5BCAF779289ED2EE00DEC8F9 /* DetailTextHeaderView.swift */; };
		5BCAF77C289EDBF200DEC8F9 /* CrewModel.swift in Sources */ = {isa = PBXBuildFile; fileRef = 5BCAF77B289EDBF200DEC8F9 /* CrewModel.swift */; };
		5BE6C1A1289F5BDB0044A53A /* WebViewController.swift in Sources */ = {isa = PBXBuildFile; fileRef = 5BE6C1A0289F5BDB0044A53A /* WebViewController.swift */; };
		5BE6C1A3289F60760044A53A /* VideoManager.swift in Sources */ = {isa = PBXBuildFile; fileRef = 5BE6C1A2289F60760044A53A /* VideoManager.swift */; };
/* End PBXBuildFile section */

/* Begin PBXFileReference section */
		5B47E13328A1307C00EA5F7D /* String+.swift */ = {isa = PBXFileReference; lastKnownFileType = sourcecode.swift; path = "String+.swift"; sourceTree = "<group>"; };
		5B47E13628A1358400EA5F7D /* EndPoint.swift */ = {isa = PBXFileReference; lastKnownFileType = sourcecode.swift; path = EndPoint.swift; sourceTree = "<group>"; };
		5B47E13828A1359400EA5F7D /* URL+.swift */ = {isa = PBXFileReference; lastKnownFileType = sourcecode.swift; path = "URL+.swift"; sourceTree = "<group>"; };
		5B63D0E2289A520300F369FE /* ReusableViewProtocol.swift */ = {isa = PBXFileReference; lastKnownFileType = sourcecode.swift; path = ReusableViewProtocol.swift; sourceTree = "<group>"; };
		5B8EBAD7289C80C900970347 /* DetailViewController.swift */ = {isa = PBXFileReference; lastKnownFileType = sourcecode.swift; path = DetailViewController.swift; sourceTree = "<group>"; };
		5B8EBAD9289C80FA00970347 /* DetailTableViewCell.swift */ = {isa = PBXFileReference; lastKnownFileType = sourcecode.swift; path = DetailTableViewCell.swift; sourceTree = "<group>"; };
		5B8EBADA289C80FA00970347 /* DetailTableViewCell.xib */ = {isa = PBXFileReference; lastKnownFileType = file.xib; path = DetailTableViewCell.xib; sourceTree = "<group>"; };
		5B8EBADF289C866B00970347 /* OverviewTableViewCell.swift */ = {isa = PBXFileReference; lastKnownFileType = sourcecode.swift; path = OverviewTableViewCell.swift; sourceTree = "<group>"; };
		5B8EBAE0289C866B00970347 /* OverviewTableViewCell.xib */ = {isa = PBXFileReference; lastKnownFileType = file.xib; path = OverviewTableViewCell.xib; sourceTree = "<group>"; };
		5B8EBAE3289C945A00970347 /* CastModel.swift */ = {isa = PBXFileReference; lastKnownFileType = sourcecode.swift; path = CastModel.swift; sourceTree = "<group>"; };
		5B9FFC9A289A537D00FE83A5 /* SearchViewController.swift */ = {isa = PBXFileReference; lastKnownFileType = sourcecode.swift; path = SearchViewController.swift; sourceTree = "<group>"; };
		5BAACB51289EB30100D66B8E /* MovieManager.swift */ = {isa = PBXFileReference; lastKnownFileType = sourcecode.swift; path = MovieManager.swift; sourceTree = "<group>"; };
		5BAACB53289EBC0600D66B8E /* CreditManager.swift */ = {isa = PBXFileReference; lastKnownFileType = sourcecode.swift; path = CreditManager.swift; sourceTree = "<group>"; };
		5BAACB56289EC24D00D66B8E /* DetailHeaderView.swift */ = {isa = PBXFileReference; lastKnownFileType = sourcecode.swift; path = DetailHeaderView.swift; sourceTree = "<group>"; };
		5BB8E9582899F6C2006815FD /* TMDB.app */ = {isa = PBXFileReference; explicitFileType = wrapper.application; includeInIndex = 0; path = TMDB.app; sourceTree = BUILT_PRODUCTS_DIR; };
		5BB8E95B2899F6C2006815FD /* AppDelegate.swift */ = {isa = PBXFileReference; lastKnownFileType = sourcecode.swift; path = AppDelegate.swift; sourceTree = "<group>"; };
		5BB8E95D2899F6C2006815FD /* SceneDelegate.swift */ = {isa = PBXFileReference; lastKnownFileType = sourcecode.swift; path = SceneDelegate.swift; sourceTree = "<group>"; };
		5BB8E9622899F6C2006815FD /* Base */ = {isa = PBXFileReference; lastKnownFileType = file.storyboard; name = Base; path = Base.lproj/Main.storyboard; sourceTree = "<group>"; };
		5BB8E9642899F6C3006815FD /* Assets.xcassets */ = {isa = PBXFileReference; lastKnownFileType = folder.assetcatalog; path = Assets.xcassets; sourceTree = "<group>"; };
		5BB8E9672899F6C3006815FD /* Base */ = {isa = PBXFileReference; lastKnownFileType = file.storyboard; name = Base; path = Base.lproj/LaunchScreen.storyboard; sourceTree = "<group>"; };
		5BB8E9692899F6C3006815FD /* Info.plist */ = {isa = PBXFileReference; lastKnownFileType = text.plist.xml; path = Info.plist; sourceTree = "<group>"; };
		5BB8E9722899F7A4006815FD /* .gitignore */ = {isa = PBXFileReference; lastKnownFileType = text; path = .gitignore; sourceTree = "<group>"; };
		5BB8E9752899F894006815FD /* APIKey.swift */ = {isa = PBXFileReference; lastKnownFileType = sourcecode.swift; path = APIKey.swift; sourceTree = "<group>"; };
		5BB8E9772899F9CF006815FD /* Constant.swift */ = {isa = PBXFileReference; lastKnownFileType = sourcecode.swift; path = Constant.swift; sourceTree = "<group>"; };
		5BC6C6A4289AA32000BA3F89 /* SearchTableViewCell.swift */ = {isa = PBXFileReference; lastKnownFileType = sourcecode.swift; path = SearchTableViewCell.swift; sourceTree = "<group>"; };
		5BC6C6A5289AA32000BA3F89 /* SearchTableViewCell.xib */ = {isa = PBXFileReference; lastKnownFileType = file.xib; path = SearchTableViewCell.xib; sourceTree = "<group>"; };
		5BC6C6A8289AB2FE00BA3F89 /* UIView+.swift */ = {isa = PBXFileReference; lastKnownFileType = sourcecode.swift; path = "UIView+.swift"; sourceTree = "<group>"; };
		5BC6C6B6289ABE9000BA3F89 /* MovieModel.swift */ = {isa = PBXFileReference; lastKnownFileType = sourcecode.swift; path = MovieModel.swift; sourceTree = "<group>"; };
		5BCAF779289ED2EE00DEC8F9 /* DetailTextHeaderView.swift */ = {isa = PBXFileReference; lastKnownFileType = sourcecode.swift; path = DetailTextHeaderView.swift; sourceTree = "<group>"; };
		5BCAF77B289EDBF200DEC8F9 /* CrewModel.swift */ = {isa = PBXFileReference; lastKnownFileType = sourcecode.swift; path = CrewModel.swift; sourceTree = "<group>"; };
		5BE6C1A0289F5BDB0044A53A /* WebViewController.swift */ = {isa = PBXFileReference; lastKnownFileType = sourcecode.swift; path = WebViewController.swift; sourceTree = "<group>"; };
		5BE6C1A2289F60760044A53A /* VideoManager.swift */ = {isa = PBXFileReference; lastKnownFileType = sourcecode.swift; path = VideoManager.swift; sourceTree = "<group>"; };
/* End PBXFileReference section */

/* Begin PBXFrameworksBuildPhase section */
		5BB8E9552899F6C2006815FD /* Frameworks */ = {
			isa = PBXFrameworksBuildPhase;
			buildActionMask = 2147483647;
			files = (
				5BC6C6B3289ABC5D00BA3F89 /* SwiftyJSON in Frameworks */,
				5BC6C6AD289ABC4300BA3F89 /* Kingfisher in Frameworks */,
				5BC6C6B0289ABC5200BA3F89 /* Alamofire in Frameworks */,
			);
			runOnlyForDeploymentPostprocessing = 0;
		};
/* End PBXFrameworksBuildPhase section */

/* Begin PBXGroup section */
		5B47E13528A1356600EA5F7D /* Base */ = {
			isa = PBXGroup;
			children = (
				5BB8E9752899F894006815FD /* APIKey.swift */,
				5B47E13628A1358400EA5F7D /* EndPoint.swift */,
			);
			path = Base;
			sourceTree = "<group>";
		};
		5B47E13A28A1423200EA5F7D /* Search */ = {
			isa = PBXGroup;
			children = (
				5BC6C6B5289ABE8500BA3F89 /* Model */,
				5B47E13F28A142A400EA5F7D /* Controller */,
				5B47E13E28A1429800EA5F7D /* Cell */,
			);
			path = Search;
			sourceTree = "<group>";
		};
		5B47E13B28A1423A00EA5F7D /* Detail */ = {
			isa = PBXGroup;
			children = (
				5B47E13C28A1426100EA5F7D /* Model */,
				5BAACB55289EC23B00D66B8E /* View */,
				5BC46D66289AC6DD00845E32 /* Controller */,
				5BC6C6B4289ABE7600BA3F89 /* Cell */,
			);
			path = Detail;
			sourceTree = "<group>";
		};
		5B47E13C28A1426100EA5F7D /* Model */ = {
			isa = PBXGroup;
			children = (
				5B8EBAE3289C945A00970347 /* CastModel.swift */,
				5BCAF77B289EDBF200DEC8F9 /* CrewModel.swift */,
			);
			path = Model;
			sourceTree = "<group>";
		};
		5B47E13E28A1429800EA5F7D /* Cell */ = {
			isa = PBXGroup;
			children = (
				5BC6C6A4289AA32000BA3F89 /* SearchTableViewCell.swift */,
				5BC6C6A5289AA32000BA3F89 /* SearchTableViewCell.xib */,
			);
			path = Cell;
			sourceTree = "<group>";
		};
		5B47E13F28A142A400EA5F7D /* Controller */ = {
			isa = PBXGroup;
			children = (
				5B9FFC9A289A537D00FE83A5 /* SearchViewController.swift */,
			);
			path = Controller;
			sourceTree = "<group>";
		};
		5B47E14028A142B500EA5F7D /* APIManager */ = {
			isa = PBXGroup;
			children = (
				5BAACB51289EB30100D66B8E /* MovieManager.swift */,
				5BAACB53289EBC0600D66B8E /* CreditManager.swift */,
				5BE6C1A2289F60760044A53A /* VideoManager.swift */,
			);
			path = APIManager;
			sourceTree = "<group>";
		};
		5BAACB50289EB2E000D66B8E /* Network */ = {
			isa = PBXGroup;
			children = (
				5B47E14028A142B500EA5F7D /* APIManager */,
				5B47E13528A1356600EA5F7D /* Base */,
			);
			path = Network;
			sourceTree = "<group>";
		};
		5BAACB55289EC23B00D66B8E /* View */ = {
			isa = PBXGroup;
			children = (
				5BAACB56289EC24D00D66B8E /* DetailHeaderView.swift */,
				5BCAF779289ED2EE00DEC8F9 /* DetailTextHeaderView.swift */,
			);
			path = View;
			sourceTree = "<group>";
		};
		5BB8E94F2899F6C2006815FD = {
			isa = PBXGroup;
			children = (
				5BB8E9722899F7A4006815FD /* .gitignore */,
				5BB8E95A2899F6C2006815FD /* TMDB */,
				5BB8E9592899F6C2006815FD /* Products */,
			);
			sourceTree = "<group>";
		};
		5BB8E9592899F6C2006815FD /* Products */ = {
			isa = PBXGroup;
			children = (
				5BB8E9582899F6C2006815FD /* TMDB.app */,
			);
			name = Products;
			sourceTree = "<group>";
		};
		5BB8E95A2899F6C2006815FD /* TMDB */ = {
			isa = PBXGroup;
			children = (
				5BAACB50289EB2E000D66B8E /* Network */,
				5BB8E9742899F886006815FD /* Global */,
				5BB8E9702899F6E0006815FD /* Screen */,
				5BB8E9712899F6E6006815FD /* Stroyboard */,
				5BB8E96F2899F6CD006815FD /* Support */,
				5BB8E9692899F6C3006815FD /* Info.plist */,
			);
			path = TMDB;
			sourceTree = "<group>";
		};
		5BB8E96F2899F6CD006815FD /* Support */ = {
			isa = PBXGroup;
			children = (
				5BB8E95D2899F6C2006815FD /* SceneDelegate.swift */,
				5BB8E95B2899F6C2006815FD /* AppDelegate.swift */,
				5BB8E9642899F6C3006815FD /* Assets.xcassets */,
				5BB8E9662899F6C3006815FD /* LaunchScreen.storyboard */,
			);
			path = Support;
			sourceTree = "<group>";
		};
		5BB8E9702899F6E0006815FD /* Screen */ = {
			isa = PBXGroup;
			children = (
				5B47E13A28A1423200EA5F7D /* Search */,
				5B47E13B28A1423A00EA5F7D /* Detail */,
			);
			path = Screen;
			sourceTree = "<group>";
		};
		5BB8E9712899F6E6006815FD /* Stroyboard */ = {
			isa = PBXGroup;
			children = (
				5BB8E9612899F6C2006815FD /* Main.storyboard */,
			);
			path = Stroyboard;
			sourceTree = "<group>";
		};
		5BB8E9742899F886006815FD /* Global */ = {
			isa = PBXGroup;
			children = (
				5BC6C6AA289AB33100BA3F89 /* Extension */,
				5BB8E9772899F9CF006815FD /* Constant.swift */,
				5B63D0E2289A520300F369FE /* ReusableViewProtocol.swift */,
			);
			path = Global;
			sourceTree = "<group>";
		};
		5BC46D66289AC6DD00845E32 /* Controller */ = {
			isa = PBXGroup;
			children = (
				5B8EBAD7289C80C900970347 /* DetailViewController.swift */,
				5BE6C1A0289F5BDB0044A53A /* WebViewController.swift */,
			);
			path = Controller;
			sourceTree = "<group>";
		};
		5BC6C6AA289AB33100BA3F89 /* Extension */ = {
			isa = PBXGroup;
			children = (
				5B47E13828A1359400EA5F7D /* URL+.swift */,
				5BC6C6A8289AB2FE00BA3F89 /* UIView+.swift */,
				5B47E13328A1307C00EA5F7D /* String+.swift */,
			);
			path = Extension;
			sourceTree = "<group>";
		};
		5BC6C6B4289ABE7600BA3F89 /* Cell */ = {
			isa = PBXGroup;
			children = (
				5B8EBADF289C866B00970347 /* OverviewTableViewCell.swift */,
				5B8EBAE0289C866B00970347 /* OverviewTableViewCell.xib */,
				5B8EBAD9289C80FA00970347 /* DetailTableViewCell.swift */,
				5B8EBADA289C80FA00970347 /* DetailTableViewCell.xib */,
			);
			path = Cell;
			sourceTree = "<group>";
		};
		5BC6C6B5289ABE8500BA3F89 /* Model */ = {
			isa = PBXGroup;
			children = (
				5BC6C6B6289ABE9000BA3F89 /* MovieModel.swift */,
			);
			path = Model;
			sourceTree = "<group>";
		};
/* End PBXGroup section */

/* Begin PBXNativeTarget section */
		5BB8E9572899F6C2006815FD /* TMDB */ = {
			isa = PBXNativeTarget;
			buildConfigurationList = 5BB8E96C2899F6C3006815FD /* Build configuration list for PBXNativeTarget "TMDB" */;
			buildPhases = (
				5BB8E9542899F6C2006815FD /* Sources */,
				5BB8E9552899F6C2006815FD /* Frameworks */,
				5BB8E9562899F6C2006815FD /* Resources */,
			);
			buildRules = (
			);
			dependencies = (
			);
			name = TMDB;
			packageProductDependencies = (
				5BC6C6AC289ABC4300BA3F89 /* Kingfisher */,
				5BC6C6AF289ABC5200BA3F89 /* Alamofire */,
				5BC6C6B2289ABC5D00BA3F89 /* SwiftyJSON */,
			);
			productName = TMDB;
			productReference = 5BB8E9582899F6C2006815FD /* TMDB.app */;
			productType = "com.apple.product-type.application";
		};
/* End PBXNativeTarget section */

/* Begin PBXProject section */
		5BB8E9502899F6C2006815FD /* Project object */ = {
			isa = PBXProject;
			attributes = {
				BuildIndependentTargetsInParallel = 1;
				LastSwiftUpdateCheck = 1320;
				LastUpgradeCheck = 1320;
				TargetAttributes = {
					5BB8E9572899F6C2006815FD = {
						CreatedOnToolsVersion = 13.2.1;
					};
				};
			};
			buildConfigurationList = 5BB8E9532899F6C2006815FD /* Build configuration list for PBXProject "TMDB" */;
			compatibilityVersion = "Xcode 13.0";
			developmentRegion = en;
			hasScannedForEncodings = 0;
			knownRegions = (
				en,
				Base,
			);
			mainGroup = 5BB8E94F2899F6C2006815FD;
			packageReferences = (
				5BC6C6AB289ABC4300BA3F89 /* XCRemoteSwiftPackageReference "Kingfisher" */,
				5BC6C6AE289ABC5200BA3F89 /* XCRemoteSwiftPackageReference "Alamofire" */,
				5BC6C6B1289ABC5D00BA3F89 /* XCRemoteSwiftPackageReference "SwiftyJSON" */,
			);
			productRefGroup = 5BB8E9592899F6C2006815FD /* Products */;
			projectDirPath = "";
			projectRoot = "";
			targets = (
				5BB8E9572899F6C2006815FD /* TMDB */,
			);
		};
/* End PBXProject section */

/* Begin PBXResourcesBuildPhase section */
		5BB8E9562899F6C2006815FD /* Resources */ = {
			isa = PBXResourcesBuildPhase;
			buildActionMask = 2147483647;
			files = (
				5BB8E9732899F7A4006815FD /* .gitignore in Resources */,
				5BB8E9682899F6C3006815FD /* LaunchScreen.storyboard in Resources */,
				5BB8E9652899F6C3006815FD /* Assets.xcassets in Resources */,
				5BB8E9632899F6C2006815FD /* Main.storyboard in Resources */,
				5B8EBAE2289C866B00970347 /* OverviewTableViewCell.xib in Resources */,
				5B8EBADC289C80FA00970347 /* DetailTableViewCell.xib in Resources */,
				5BC6C6A7289AA32000BA3F89 /* SearchTableViewCell.xib in Resources */,
			);
			runOnlyForDeploymentPostprocessing = 0;
		};
/* End PBXResourcesBuildPhase section */

/* Begin PBXSourcesBuildPhase section */
		5BB8E9542899F6C2006815FD /* Sources */ = {
			isa = PBXSourcesBuildPhase;
			buildActionMask = 2147483647;
			files = (
				5BE6C1A1289F5BDB0044A53A /* WebViewController.swift in Sources */,
				5B9FFC9B289A537D00FE83A5 /* SearchViewController.swift in Sources */,
				5BC6C6B7289ABE9000BA3F89 /* MovieModel.swift in Sources */,
				5BB8E95C2899F6C2006815FD /* AppDelegate.swift in Sources */,
				5BB8E9782899F9CF006815FD /* Constant.swift in Sources */,
				5B8EBAE1289C866B00970347 /* OverviewTableViewCell.swift in Sources */,
				5B63D0E3289A520300F369FE /* ReusableViewProtocol.swift in Sources */,
				5BE6C1A3289F60760044A53A /* VideoManager.swift in Sources */,
				5BAACB52289EB30100D66B8E /* MovieManager.swift in Sources */,
				5BCAF77A289ED2EE00DEC8F9 /* DetailTextHeaderView.swift in Sources */,
				5BCAF77C289EDBF200DEC8F9 /* CrewModel.swift in Sources */,
				5BAACB54289EBC0600D66B8E /* CreditManager.swift in Sources */,
				5BAACB57289EC24D00D66B8E /* DetailHeaderView.swift in Sources */,
				5BC6C6A6289AA32000BA3F89 /* SearchTableViewCell.swift in Sources */,
				5BC6C6A9289AB2FE00BA3F89 /* UIView+.swift in Sources */,
				5B8EBAE4289C945A00970347 /* CastModel.swift in Sources */,
				5B8EBAD8289C80C900970347 /* DetailViewController.swift in Sources */,
				5BB8E9762899F894006815FD /* APIKey.swift in Sources */,
				5BB8E95E2899F6C2006815FD /* SceneDelegate.swift in Sources */,
				5B47E13428A1307C00EA5F7D /* String+.swift in Sources */,
				5B47E13928A1359400EA5F7D /* URL+.swift in Sources */,
				5B47E13728A1358400EA5F7D /* EndPoint.swift in Sources */,
				5B8EBADB289C80FA00970347 /* DetailTableViewCell.swift in Sources */,
			);
			runOnlyForDeploymentPostprocessing = 0;
		};
/* End PBXSourcesBuildPhase section */

/* Begin PBXVariantGroup section */
		5BB8E9612899F6C2006815FD /* Main.storyboard */ = {
			isa = PBXVariantGroup;
			children = (
				5BB8E9622899F6C2006815FD /* Base */,
			);
			name = Main.storyboard;
			sourceTree = "<group>";
		};
		5BB8E9662899F6C3006815FD /* LaunchScreen.storyboard */ = {
			isa = PBXVariantGroup;
			children = (
				5BB8E9672899F6C3006815FD /* Base */,
			);
			name = LaunchScreen.storyboard;
			sourceTree = "<group>";
		};
/* End PBXVariantGroup section */

/* Begin XCBuildConfiguration section */
		5BB8E96A2899F6C3006815FD /* Debug */ = {
			isa = XCBuildConfiguration;
			buildSettings = {
				ALWAYS_SEARCH_USER_PATHS = NO;
				CLANG_ANALYZER_NONNULL = YES;
				CLANG_ANALYZER_NUMBER_OBJECT_CONVERSION = YES_AGGRESSIVE;
				CLANG_CXX_LANGUAGE_STANDARD = "gnu++17";
				CLANG_CXX_LIBRARY = "libc++";
				CLANG_ENABLE_MODULES = YES;
				CLANG_ENABLE_OBJC_ARC = YES;
				CLANG_ENABLE_OBJC_WEAK = YES;
				CLANG_WARN_BLOCK_CAPTURE_AUTORELEASING = YES;
				CLANG_WARN_BOOL_CONVERSION = YES;
				CLANG_WARN_COMMA = YES;
				CLANG_WARN_CONSTANT_CONVERSION = YES;
				CLANG_WARN_DEPRECATED_OBJC_IMPLEMENTATIONS = YES;
				CLANG_WARN_DIRECT_OBJC_ISA_USAGE = YES_ERROR;
				CLANG_WARN_DOCUMENTATION_COMMENTS = YES;
				CLANG_WARN_EMPTY_BODY = YES;
				CLANG_WARN_ENUM_CONVERSION = YES;
				CLANG_WARN_INFINITE_RECURSION = YES;
				CLANG_WARN_INT_CONVERSION = YES;
				CLANG_WARN_NON_LITERAL_NULL_CONVERSION = YES;
				CLANG_WARN_OBJC_IMPLICIT_RETAIN_SELF = YES;
				CLANG_WARN_OBJC_LITERAL_CONVERSION = YES;
				CLANG_WARN_OBJC_ROOT_CLASS = YES_ERROR;
				CLANG_WARN_QUOTED_INCLUDE_IN_FRAMEWORK_HEADER = YES;
				CLANG_WARN_RANGE_LOOP_ANALYSIS = YES;
				CLANG_WARN_STRICT_PROTOTYPES = YES;
				CLANG_WARN_SUSPICIOUS_MOVE = YES;
				CLANG_WARN_UNGUARDED_AVAILABILITY = YES_AGGRESSIVE;
				CLANG_WARN_UNREACHABLE_CODE = YES;
				CLANG_WARN__DUPLICATE_METHOD_MATCH = YES;
				COPY_PHASE_STRIP = NO;
				DEBUG_INFORMATION_FORMAT = dwarf;
				ENABLE_STRICT_OBJC_MSGSEND = YES;
				ENABLE_TESTABILITY = YES;
				GCC_C_LANGUAGE_STANDARD = gnu11;
				GCC_DYNAMIC_NO_PIC = NO;
				GCC_NO_COMMON_BLOCKS = YES;
				GCC_OPTIMIZATION_LEVEL = 0;
				GCC_PREPROCESSOR_DEFINITIONS = (
					"DEBUG=1",
					"$(inherited)",
				);
				GCC_WARN_64_TO_32_BIT_CONVERSION = YES;
				GCC_WARN_ABOUT_RETURN_TYPE = YES_ERROR;
				GCC_WARN_UNDECLARED_SELECTOR = YES;
				GCC_WARN_UNINITIALIZED_AUTOS = YES_AGGRESSIVE;
				GCC_WARN_UNUSED_FUNCTION = YES;
				GCC_WARN_UNUSED_VARIABLE = YES;
				IPHONEOS_DEPLOYMENT_TARGET = 15.2;
				MTL_ENABLE_DEBUG_INFO = INCLUDE_SOURCE;
				MTL_FAST_MATH = YES;
				ONLY_ACTIVE_ARCH = YES;
				SDKROOT = iphoneos;
				SWIFT_ACTIVE_COMPILATION_CONDITIONS = DEBUG;
				SWIFT_OPTIMIZATION_LEVEL = "-Onone";
			};
			name = Debug;
		};
		5BB8E96B2899F6C3006815FD /* Release */ = {
			isa = XCBuildConfiguration;
			buildSettings = {
				ALWAYS_SEARCH_USER_PATHS = NO;
				CLANG_ANALYZER_NONNULL = YES;
				CLANG_ANALYZER_NUMBER_OBJECT_CONVERSION = YES_AGGRESSIVE;
				CLANG_CXX_LANGUAGE_STANDARD = "gnu++17";
				CLANG_CXX_LIBRARY = "libc++";
				CLANG_ENABLE_MODULES = YES;
				CLANG_ENABLE_OBJC_ARC = YES;
				CLANG_ENABLE_OBJC_WEAK = YES;
				CLANG_WARN_BLOCK_CAPTURE_AUTORELEASING = YES;
				CLANG_WARN_BOOL_CONVERSION = YES;
				CLANG_WARN_COMMA = YES;
				CLANG_WARN_CONSTANT_CONVERSION = YES;
				CLANG_WARN_DEPRECATED_OBJC_IMPLEMENTATIONS = YES;
				CLANG_WARN_DIRECT_OBJC_ISA_USAGE = YES_ERROR;
				CLANG_WARN_DOCUMENTATION_COMMENTS = YES;
				CLANG_WARN_EMPTY_BODY = YES;
				CLANG_WARN_ENUM_CONVERSION = YES;
				CLANG_WARN_INFINITE_RECURSION = YES;
				CLANG_WARN_INT_CONVERSION = YES;
				CLANG_WARN_NON_LITERAL_NULL_CONVERSION = YES;
				CLANG_WARN_OBJC_IMPLICIT_RETAIN_SELF = YES;
				CLANG_WARN_OBJC_LITERAL_CONVERSION = YES;
				CLANG_WARN_OBJC_ROOT_CLASS = YES_ERROR;
				CLANG_WARN_QUOTED_INCLUDE_IN_FRAMEWORK_HEADER = YES;
				CLANG_WARN_RANGE_LOOP_ANALYSIS = YES;
				CLANG_WARN_STRICT_PROTOTYPES = YES;
				CLANG_WARN_SUSPICIOUS_MOVE = YES;
				CLANG_WARN_UNGUARDED_AVAILABILITY = YES_AGGRESSIVE;
				CLANG_WARN_UNREACHABLE_CODE = YES;
				CLANG_WARN__DUPLICATE_METHOD_MATCH = YES;
				COPY_PHASE_STRIP = NO;
				DEBUG_INFORMATION_FORMAT = "dwarf-with-dsym";
				ENABLE_NS_ASSERTIONS = NO;
				ENABLE_STRICT_OBJC_MSGSEND = YES;
				GCC_C_LANGUAGE_STANDARD = gnu11;
				GCC_NO_COMMON_BLOCKS = YES;
				GCC_WARN_64_TO_32_BIT_CONVERSION = YES;
				GCC_WARN_ABOUT_RETURN_TYPE = YES_ERROR;
				GCC_WARN_UNDECLARED_SELECTOR = YES;
				GCC_WARN_UNINITIALIZED_AUTOS = YES_AGGRESSIVE;
				GCC_WARN_UNUSED_FUNCTION = YES;
				GCC_WARN_UNUSED_VARIABLE = YES;
				IPHONEOS_DEPLOYMENT_TARGET = 15.2;
				MTL_ENABLE_DEBUG_INFO = NO;
				MTL_FAST_MATH = YES;
				SDKROOT = iphoneos;
				SWIFT_COMPILATION_MODE = wholemodule;
				SWIFT_OPTIMIZATION_LEVEL = "-O";
				VALIDATE_PRODUCT = YES;
			};
			name = Release;
		};
		5BB8E96D2899F6C3006815FD /* Debug */ = {
			isa = XCBuildConfiguration;
			buildSettings = {
				ASSETCATALOG_COMPILER_APPICON_NAME = AppIcon;
				ASSETCATALOG_COMPILER_GLOBAL_ACCENT_COLOR_NAME = AccentColor;
				CODE_SIGN_STYLE = Automatic;
				CURRENT_PROJECT_VERSION = 1;
				DEVELOPMENT_TEAM = 5GQ6QL9S3X;
				GENERATE_INFOPLIST_FILE = YES;
				INFOPLIST_FILE = TMDB/Info.plist;
				INFOPLIST_KEY_UIApplicationSupportsIndirectInputEvents = YES;
				INFOPLIST_KEY_UILaunchStoryboardName = LaunchScreen;
				INFOPLIST_KEY_UIMainStoryboardFile = Main;
				INFOPLIST_KEY_UISupportedInterfaceOrientations_iPad = "UIInterfaceOrientationPortrait UIInterfaceOrientationPortraitUpsideDown UIInterfaceOrientationLandscapeLeft UIInterfaceOrientationLandscapeRight";
				INFOPLIST_KEY_UISupportedInterfaceOrientations_iPhone = "UIInterfaceOrientationPortrait UIInterfaceOrientationLandscapeLeft UIInterfaceOrientationLandscapeRight";
				LD_RUNPATH_SEARCH_PATHS = (
					"$(inherited)",
					"@executable_path/Frameworks",
				);
				MARKETING_VERSION = 1.0;
				PRODUCT_BUNDLE_IDENTIFIER = com.ruheekim.TMDB;
				PRODUCT_NAME = "$(TARGET_NAME)";
				SWIFT_EMIT_LOC_STRINGS = YES;
				SWIFT_VERSION = 5.0;
				TARGETED_DEVICE_FAMILY = "1,2";
			};
			name = Debug;
		};
		5BB8E96E2899F6C3006815FD /* Release */ = {
			isa = XCBuildConfiguration;
			buildSettings = {
				ASSETCATALOG_COMPILER_APPICON_NAME = AppIcon;
				ASSETCATALOG_COMPILER_GLOBAL_ACCENT_COLOR_NAME = AccentColor;
				CODE_SIGN_STYLE = Automatic;
				CURRENT_PROJECT_VERSION = 1;
				DEVELOPMENT_TEAM = 5GQ6QL9S3X;
				GENERATE_INFOPLIST_FILE = YES;
				INFOPLIST_FILE = TMDB/Info.plist;
				INFOPLIST_KEY_UIApplicationSupportsIndirectInputEvents = YES;
				INFOPLIST_KEY_UILaunchStoryboardName = LaunchScreen;
				INFOPLIST_KEY_UIMainStoryboardFile = Main;
				INFOPLIST_KEY_UISupportedInterfaceOrientations_iPad = "UIInterfaceOrientationPortrait UIInterfaceOrientationPortraitUpsideDown UIInterfaceOrientationLandscapeLeft UIInterfaceOrientationLandscapeRight";
				INFOPLIST_KEY_UISupportedInterfaceOrientations_iPhone = "UIInterfaceOrientationPortrait UIInterfaceOrientationLandscapeLeft UIInterfaceOrientationLandscapeRight";
				LD_RUNPATH_SEARCH_PATHS = (
					"$(inherited)",
					"@executable_path/Frameworks",
				);
				MARKETING_VERSION = 1.0;
				PRODUCT_BUNDLE_IDENTIFIER = com.ruheekim.TMDB;
				PRODUCT_NAME = "$(TARGET_NAME)";
				SWIFT_EMIT_LOC_STRINGS = YES;
				SWIFT_VERSION = 5.0;
				TARGETED_DEVICE_FAMILY = "1,2";
			};
			name = Release;
		};
/* End XCBuildConfiguration section */

/* Begin XCConfigurationList section */
		5BB8E9532899F6C2006815FD /* Build configuration list for PBXProject "TMDB" */ = {
			isa = XCConfigurationList;
			buildConfigurations = (
				5BB8E96A2899F6C3006815FD /* Debug */,
				5BB8E96B2899F6C3006815FD /* Release */,
			);
			defaultConfigurationIsVisible = 0;
			defaultConfigurationName = Release;
		};
		5BB8E96C2899F6C3006815FD /* Build configuration list for PBXNativeTarget "TMDB" */ = {
			isa = XCConfigurationList;
			buildConfigurations = (
				5BB8E96D2899F6C3006815FD /* Debug */,
				5BB8E96E2899F6C3006815FD /* Release */,
			);
			defaultConfigurationIsVisible = 0;
			defaultConfigurationName = Release;
		};
/* End XCConfigurationList section */

/* Begin XCRemoteSwiftPackageReference section */
		5BC6C6AB289ABC4300BA3F89 /* XCRemoteSwiftPackageReference "Kingfisher" */ = {
			isa = XCRemoteSwiftPackageReference;
			repositoryURL = "https://github.com/onevcat/Kingfisher.git";
			requirement = {
				branch = master;
				kind = branch;
			};
		};
		5BC6C6AE289ABC5200BA3F89 /* XCRemoteSwiftPackageReference "Alamofire" */ = {
			isa = XCRemoteSwiftPackageReference;
			repositoryURL = "https://github.com/Alamofire/Alamofire.git";
			requirement = {
				branch = master;
				kind = branch;
			};
		};
		5BC6C6B1289ABC5D00BA3F89 /* XCRemoteSwiftPackageReference "SwiftyJSON" */ = {
			isa = XCRemoteSwiftPackageReference;
			repositoryURL = "https://github.com/SwiftyJSON/SwiftyJSON.git";
			requirement = {
				branch = master;
				kind = branch;
			};
		};
/* End XCRemoteSwiftPackageReference section */

/* Begin XCSwiftPackageProductDependency section */
		5BC6C6AC289ABC4300BA3F89 /* Kingfisher */ = {
			isa = XCSwiftPackageProductDependency;
			package = 5BC6C6AB289ABC4300BA3F89 /* XCRemoteSwiftPackageReference "Kingfisher" */;
			productName = Kingfisher;
		};
		5BC6C6AF289ABC5200BA3F89 /* Alamofire */ = {
			isa = XCSwiftPackageProductDependency;
			package = 5BC6C6AE289ABC5200BA3F89 /* XCRemoteSwiftPackageReference "Alamofire" */;
			productName = Alamofire;
		};
		5BC6C6B2289ABC5D00BA3F89 /* SwiftyJSON */ = {
			isa = XCSwiftPackageProductDependency;
			package = 5BC6C6B1289ABC5D00BA3F89 /* XCRemoteSwiftPackageReference "SwiftyJSON" */;
			productName = SwiftyJSON;
		};
/* End XCSwiftPackageProductDependency section */
	};
	rootObject = 5BB8E9502899F6C2006815FD /* Project object */;
}
